// !$*UTF8*$!
{
	archiveVersion = 1;
	classes = {
	};
	objectVersion = 56;
	objects = {

/* Begin PBXBuildFile section */
		DB5FCB2F2AA3B4A500993678 /* ForEachInsertable.swift in Sources */ = {isa = PBXBuildFile; fileRef = DB5FCB2E2AA3B4A500993678 /* ForEachInsertable.swift */; };
		DB5FCB312AA3B4AD00993678 /* ForEachStore.swift in Sources */ = {isa = PBXBuildFile; fileRef = DB5FCB302AA3B4AD00993678 /* ForEachStore.swift */; };
		DB5FCB342AA68CFF00993678 /* VStackViewStore.swift in Sources */ = {isa = PBXBuildFile; fileRef = DB5FCB332AA68CFF00993678 /* VStackViewStore.swift */; };
		DB5FCB362AA68D1A00993678 /* HStackViewStore.swift in Sources */ = {isa = PBXBuildFile; fileRef = DB5FCB352AA68D1A00993678 /* HStackViewStore.swift */; };
		DB5FCB382AA68D2700993678 /* ZStackViewStore.swift in Sources */ = {isa = PBXBuildFile; fileRef = DB5FCB372AA68D2700993678 /* ZStackViewStore.swift */; };
		DB5FCB3A2AA68D3E00993678 /* ListViewStore.swift in Sources */ = {isa = PBXBuildFile; fileRef = DB5FCB392AA68D3E00993678 /* ListViewStore.swift */; };
		DB5FCB3C2AA68D4A00993678 /* ForEachViewStore.swift in Sources */ = {isa = PBXBuildFile; fileRef = DB5FCB3B2AA68D4A00993678 /* ForEachViewStore.swift */; };
		DB5FCB3E2AA68D5A00993678 /* TextViewStore.swift in Sources */ = {isa = PBXBuildFile; fileRef = DB5FCB3D2AA68D5A00993678 /* TextViewStore.swift */; };
		DB5FCB402AA68D6C00993678 /* FieldViewStore.swift in Sources */ = {isa = PBXBuildFile; fileRef = DB5FCB3F2AA68D6C00993678 /* FieldViewStore.swift */; };
		DB5FCB422AA68D7F00993678 /* ButtonViewStore.swift in Sources */ = {isa = PBXBuildFile; fileRef = DB5FCB412AA68D7F00993678 /* ButtonViewStore.swift */; };
		DB5FCB442AA68D8B00993678 /* ImageViewStore.swift in Sources */ = {isa = PBXBuildFile; fileRef = DB5FCB432AA68D8B00993678 /* ImageViewStore.swift */; };
		DB5FCB462AA68D9800993678 /* ColorViewStore.swift in Sources */ = {isa = PBXBuildFile; fileRef = DB5FCB452AA68D9800993678 /* ColorViewStore.swift */; };
		DB5FCB482AA68DA400993678 /* SpacerViewStore.swift in Sources */ = {isa = PBXBuildFile; fileRef = DB5FCB472AA68DA400993678 /* SpacerViewStore.swift */; };
		DB5FCB4A2AA68EB900993678 /* InjectedViewStoreHelper.swift in Sources */ = {isa = PBXBuildFile; fileRef = DB5FCB492AA68EB900993678 /* InjectedViewStoreHelper.swift */; };
		DB5FCB4C2AA68F1600993678 /* IfStore.swift in Sources */ = {isa = PBXBuildFile; fileRef = DB5FCB4B2AA68F1600993678 /* IfStore.swift */; };
		DB5FCB4E2AA68F1E00993678 /* IfInsertable.swift in Sources */ = {isa = PBXBuildFile; fileRef = DB5FCB4D2AA68F1E00993678 /* IfInsertable.swift */; };
		DB5FCB512AA68FFF00993678 /* IfViewStore.swift in Sources */ = {isa = PBXBuildFile; fileRef = DB5FCB502AA68FFF00993678 /* IfViewStore.swift */; };
		DB900DD72A9F0238001FBA2E /* ViewStoresContainer.swift in Sources */ = {isa = PBXBuildFile; fileRef = DB900DD62A9F0238001FBA2E /* ViewStoresContainer.swift */; };
		DB900DD92A9F0246001FBA2E /* InjectedState.swift in Sources */ = {isa = PBXBuildFile; fileRef = DB900DD82A9F0246001FBA2E /* InjectedState.swift */; };
		DB900DDC2A9F028C001FBA2E /* ZStackStore.swift in Sources */ = {isa = PBXBuildFile; fileRef = DB900DDA2A9F028C001FBA2E /* ZStackStore.swift */; };
		DB900DDD2A9F028C001FBA2E /* ZStackInsertable.swift in Sources */ = {isa = PBXBuildFile; fileRef = DB900DDB2A9F028C001FBA2E /* ZStackInsertable.swift */; };
		DB900DE12AA038D1001FBA2E /* ColorInsertable.swift in Sources */ = {isa = PBXBuildFile; fileRef = DB900DE02AA038D0001FBA2E /* ColorInsertable.swift */; };
		DB900DE32AA0391C001FBA2E /* ColorStore.swift in Sources */ = {isa = PBXBuildFile; fileRef = DB900DE22AA0391C001FBA2E /* ColorStore.swift */; };
		DB900DE62AA0C83A001FBA2E /* ListInsertable.swift in Sources */ = {isa = PBXBuildFile; fileRef = DB900DE52AA0C83A001FBA2E /* ListInsertable.swift */; };
		DB900DE82AA0C843001FBA2E /* ListStore.swift in Sources */ = {isa = PBXBuildFile; fileRef = DB900DE72AA0C843001FBA2E /* ListStore.swift */; };
		DBAB4BB72A8CFBCC00BB804C /* InsertableApp.swift in Sources */ = {isa = PBXBuildFile; fileRef = DBAB4BB62A8CFBCC00BB804C /* InsertableApp.swift */; };
		DBAB4BB92A8CFBCC00BB804C /* ContentView.swift in Sources */ = {isa = PBXBuildFile; fileRef = DBAB4BB82A8CFBCC00BB804C /* ContentView.swift */; };
		DBAB4BBB2A8CFBCD00BB804C /* Assets.xcassets in Resources */ = {isa = PBXBuildFile; fileRef = DBAB4BBA2A8CFBCD00BB804C /* Assets.xcassets */; };
		DBAB4BBE2A8CFBCD00BB804C /* Preview Assets.xcassets in Resources */ = {isa = PBXBuildFile; fileRef = DBAB4BBD2A8CFBCD00BB804C /* Preview Assets.xcassets */; };
		DBAB4BC82A8CFBCD00BB804C /* InsertableTests.swift in Sources */ = {isa = PBXBuildFile; fileRef = DBAB4BC72A8CFBCD00BB804C /* InsertableTests.swift */; };
		DBAB4BD22A8CFBCD00BB804C /* InsertableUITests.swift in Sources */ = {isa = PBXBuildFile; fileRef = DBAB4BD12A8CFBCD00BB804C /* InsertableUITests.swift */; };
		DBAB4BD42A8CFBCD00BB804C /* InsertableUITestsLaunchTests.swift in Sources */ = {isa = PBXBuildFile; fileRef = DBAB4BD32A8CFBCD00BB804C /* InsertableUITestsLaunchTests.swift */; };
		DBAB4BE12A8CFBDD00BB804C /* Insertable.swift in Sources */ = {isa = PBXBuildFile; fileRef = DBAB4BE02A8CFBDD00BB804C /* Insertable.swift */; };
		DBAB4BE32A8F0A0900BB804C /* InjectedModifier.swift in Sources */ = {isa = PBXBuildFile; fileRef = DBAB4BE22A8F0A0900BB804C /* InjectedModifier.swift */; };
		DBAB4BE52A8F0A2F00BB804C /* InjectedViewStore.swift in Sources */ = {isa = PBXBuildFile; fileRef = DBAB4BE42A8F0A2F00BB804C /* InjectedViewStore.swift */; };
		DBAB4BE72A8F0A4700BB804C /* VStackStore.swift in Sources */ = {isa = PBXBuildFile; fileRef = DBAB4BE62A8F0A4700BB804C /* VStackStore.swift */; };
		DBAB4BE92A8F0A5500BB804C /* VStackInsertable.swift in Sources */ = {isa = PBXBuildFile; fileRef = DBAB4BE82A8F0A5500BB804C /* VStackInsertable.swift */; };
		DBAB4BEB2A8F0A7C00BB804C /* View_Ext.swift in Sources */ = {isa = PBXBuildFile; fileRef = DBAB4BEA2A8F0A7C00BB804C /* View_Ext.swift */; };
		DBAB4BED2A8F0AA800BB804C /* HStackStore.swift in Sources */ = {isa = PBXBuildFile; fileRef = DBAB4BEC2A8F0AA800BB804C /* HStackStore.swift */; };
		DBAB4BEF2A8F0AE000BB804C /* HStackInsertable.swift in Sources */ = {isa = PBXBuildFile; fileRef = DBAB4BEE2A8F0AE000BB804C /* HStackInsertable.swift */; };
		DBAB4BF12A8F0CFD00BB804C /* ButtonInsertable.swift in Sources */ = {isa = PBXBuildFile; fileRef = DBAB4BF02A8F0CFD00BB804C /* ButtonInsertable.swift */; };
		DBAB4BF32A8F0D8B00BB804C /* TextInsertable.swift in Sources */ = {isa = PBXBuildFile; fileRef = DBAB4BF22A8F0D8B00BB804C /* TextInsertable.swift */; };
		DBAB4BF52A8F0DD400BB804C /* TextFieldInsertable.swift in Sources */ = {isa = PBXBuildFile; fileRef = DBAB4BF42A8F0DD400BB804C /* TextFieldInsertable.swift */; };
		DBAB4BF92A911B5900BB804C /* SpacerInsertable.swift in Sources */ = {isa = PBXBuildFile; fileRef = DBAB4BF82A911B5900BB804C /* SpacerInsertable.swift */; };
		DBAB4BFB2A91214300BB804C /* InjectedService.swift in Sources */ = {isa = PBXBuildFile; fileRef = DBAB4BFA2A91214300BB804C /* InjectedService.swift */; };
		DBAB4BFF2A91881E00BB804C /* InjectedValue.swift in Sources */ = {isa = PBXBuildFile; fileRef = DBAB4BFE2A91881E00BB804C /* InjectedValue.swift */; };
		DBAB4C012A91A08E00BB804C /* InjectedFunctionBuilder.swift in Sources */ = {isa = PBXBuildFile; fileRef = DBAB4C002A91A08E00BB804C /* InjectedFunctionBuilder.swift */; };
		DBAB4C052A9306F100BB804C /* InjectedOperation.swift in Sources */ = {isa = PBXBuildFile; fileRef = DBAB4C042A9306F100BB804C /* InjectedOperation.swift */; };
		DBAB4C072A93B2E800BB804C /* Insertable.json in Resources */ = {isa = PBXBuildFile; fileRef = DBAB4C062A93B2E800BB804C /* Insertable.json */; };
		DBAB4C092A93F23900BB804C /* Operators_Ext.swift in Sources */ = {isa = PBXBuildFile; fileRef = DBAB4C082A93F23900BB804C /* Operators_Ext.swift */; };
		DBAB4C0B2A93FCAF00BB804C /* CompositionFunctions.swift in Sources */ = {isa = PBXBuildFile; fileRef = DBAB4C0A2A93FCAF00BB804C /* CompositionFunctions.swift */; };
		DBAB4C0D2A9419EA00BB804C /* UIColor_Ext.swift in Sources */ = {isa = PBXBuildFile; fileRef = DBAB4C0C2A9419EA00BB804C /* UIColor_Ext.swift */; };
		DBAB4C0F2A94563700BB804C /* ViewStore.json in Resources */ = {isa = PBXBuildFile; fileRef = DBAB4C0E2A94563700BB804C /* ViewStore.json */; };
		DBAB4C182A97C2FE00BB804C /* InjectedError.swift in Sources */ = {isa = PBXBuildFile; fileRef = DBAB4C172A97C2FE00BB804C /* InjectedError.swift */; };
		DBAB4C7E2A99478600BB804C /* TestInsertables.json in Resources */ = {isa = PBXBuildFile; fileRef = DBAB4C7D2A99478600BB804C /* TestInsertables.json */; };
		DBAB4C882A9B9B3700BB804C /* ButtonStore.swift in Sources */ = {isa = PBXBuildFile; fileRef = DBAB4C872A9B9B3700BB804C /* ButtonStore.swift */; };
		DBAB4C8A2A9B9B4E00BB804C /* TextStore.swift in Sources */ = {isa = PBXBuildFile; fileRef = DBAB4C892A9B9B4E00BB804C /* TextStore.swift */; };
		DBAB4C8C2A9B9B8200BB804C /* TextFieldStore.swift in Sources */ = {isa = PBXBuildFile; fileRef = DBAB4C8B2A9B9B8200BB804C /* TextFieldStore.swift */; };
		DBAB4C8E2A9B9BBE00BB804C /* SpacerStore.swift in Sources */ = {isa = PBXBuildFile; fileRef = DBAB4C8D2A9B9BBE00BB804C /* SpacerStore.swift */; };
		DBAB4C9E2A9E3E1100BB804C /* ImageInsertable.swift in Sources */ = {isa = PBXBuildFile; fileRef = DBAB4C9D2A9E3E1100BB804C /* ImageInsertable.swift */; };
		DBAB4CA02A9E3E1800BB804C /* ImageStore.swift in Sources */ = {isa = PBXBuildFile; fileRef = DBAB4C9F2A9E3E1800BB804C /* ImageStore.swift */; };
		DBAB4CA32A9E453600BB804C /* StackAlignment.swift in Sources */ = {isa = PBXBuildFile; fileRef = DBAB4CA22A9E453600BB804C /* StackAlignment.swift */; };
		DBB83F602AA2BC19005DF98F /* StateFunctions.swift in Sources */ = {isa = PBXBuildFile; fileRef = DBB83F5F2AA2BC19005DF98F /* StateFunctions.swift */; };
/* End PBXBuildFile section */

/* Begin PBXContainerItemProxy section */
		DBAB4BC42A8CFBCD00BB804C /* PBXContainerItemProxy */ = {
			isa = PBXContainerItemProxy;
			containerPortal = DBAB4BAB2A8CFBCC00BB804C /* Project object */;
			proxyType = 1;
			remoteGlobalIDString = DBAB4BB22A8CFBCC00BB804C;
			remoteInfo = Insertable;
		};
		DBAB4BCE2A8CFBCD00BB804C /* PBXContainerItemProxy */ = {
			isa = PBXContainerItemProxy;
			containerPortal = DBAB4BAB2A8CFBCC00BB804C /* Project object */;
			proxyType = 1;
			remoteGlobalIDString = DBAB4BB22A8CFBCC00BB804C;
			remoteInfo = Insertable;
		};
/* End PBXContainerItemProxy section */

/* Begin PBXFileReference section */
		DB5FCB2E2AA3B4A500993678 /* ForEachInsertable.swift */ = {isa = PBXFileReference; lastKnownFileType = sourcecode.swift; path = ForEachInsertable.swift; sourceTree = "<group>"; };
		DB5FCB302AA3B4AD00993678 /* ForEachStore.swift */ = {isa = PBXFileReference; lastKnownFileType = sourcecode.swift; path = ForEachStore.swift; sourceTree = "<group>"; };
		DB5FCB332AA68CFF00993678 /* VStackViewStore.swift */ = {isa = PBXFileReference; lastKnownFileType = sourcecode.swift; path = VStackViewStore.swift; sourceTree = "<group>"; };
		DB5FCB352AA68D1A00993678 /* HStackViewStore.swift */ = {isa = PBXFileReference; lastKnownFileType = sourcecode.swift; path = HStackViewStore.swift; sourceTree = "<group>"; };
		DB5FCB372AA68D2700993678 /* ZStackViewStore.swift */ = {isa = PBXFileReference; lastKnownFileType = sourcecode.swift; path = ZStackViewStore.swift; sourceTree = "<group>"; };
		DB5FCB392AA68D3E00993678 /* ListViewStore.swift */ = {isa = PBXFileReference; lastKnownFileType = sourcecode.swift; path = ListViewStore.swift; sourceTree = "<group>"; };
		DB5FCB3B2AA68D4A00993678 /* ForEachViewStore.swift */ = {isa = PBXFileReference; lastKnownFileType = sourcecode.swift; path = ForEachViewStore.swift; sourceTree = "<group>"; };
		DB5FCB3D2AA68D5A00993678 /* TextViewStore.swift */ = {isa = PBXFileReference; lastKnownFileType = sourcecode.swift; path = TextViewStore.swift; sourceTree = "<group>"; };
		DB5FCB3F2AA68D6C00993678 /* FieldViewStore.swift */ = {isa = PBXFileReference; lastKnownFileType = sourcecode.swift; path = FieldViewStore.swift; sourceTree = "<group>"; };
		DB5FCB412AA68D7F00993678 /* ButtonViewStore.swift */ = {isa = PBXFileReference; lastKnownFileType = sourcecode.swift; path = ButtonViewStore.swift; sourceTree = "<group>"; };
		DB5FCB432AA68D8B00993678 /* ImageViewStore.swift */ = {isa = PBXFileReference; lastKnownFileType = sourcecode.swift; path = ImageViewStore.swift; sourceTree = "<group>"; };
		DB5FCB452AA68D9800993678 /* ColorViewStore.swift */ = {isa = PBXFileReference; lastKnownFileType = sourcecode.swift; path = ColorViewStore.swift; sourceTree = "<group>"; };
		DB5FCB472AA68DA400993678 /* SpacerViewStore.swift */ = {isa = PBXFileReference; lastKnownFileType = sourcecode.swift; path = SpacerViewStore.swift; sourceTree = "<group>"; };
		DB5FCB492AA68EB900993678 /* InjectedViewStoreHelper.swift */ = {isa = PBXFileReference; lastKnownFileType = sourcecode.swift; path = InjectedViewStoreHelper.swift; sourceTree = "<group>"; };
		DB5FCB4B2AA68F1600993678 /* IfStore.swift */ = {isa = PBXFileReference; lastKnownFileType = sourcecode.swift; path = IfStore.swift; sourceTree = "<group>"; };
		DB5FCB4D2AA68F1E00993678 /* IfInsertable.swift */ = {isa = PBXFileReference; lastKnownFileType = sourcecode.swift; path = IfInsertable.swift; sourceTree = "<group>"; };
		DB5FCB502AA68FFF00993678 /* IfViewStore.swift */ = {isa = PBXFileReference; lastKnownFileType = sourcecode.swift; path = IfViewStore.swift; sourceTree = "<group>"; };
		DB900DD62A9F0238001FBA2E /* ViewStoresContainer.swift */ = {isa = PBXFileReference; fileEncoding = 4; lastKnownFileType = sourcecode.swift; path = ViewStoresContainer.swift; sourceTree = "<group>"; };
		DB900DD82A9F0246001FBA2E /* InjectedState.swift */ = {isa = PBXFileReference; fileEncoding = 4; lastKnownFileType = sourcecode.swift; path = InjectedState.swift; sourceTree = "<group>"; };
		DB900DDA2A9F028C001FBA2E /* ZStackStore.swift */ = {isa = PBXFileReference; fileEncoding = 4; lastKnownFileType = sourcecode.swift; path = ZStackStore.swift; sourceTree = "<group>"; };
		DB900DDB2A9F028C001FBA2E /* ZStackInsertable.swift */ = {isa = PBXFileReference; fileEncoding = 4; lastKnownFileType = sourcecode.swift; path = ZStackInsertable.swift; sourceTree = "<group>"; };
		DB900DE02AA038D0001FBA2E /* ColorInsertable.swift */ = {isa = PBXFileReference; lastKnownFileType = sourcecode.swift; path = ColorInsertable.swift; sourceTree = "<group>"; };
		DB900DE22AA0391C001FBA2E /* ColorStore.swift */ = {isa = PBXFileReference; lastKnownFileType = sourcecode.swift; path = ColorStore.swift; sourceTree = "<group>"; };
		DB900DE52AA0C83A001FBA2E /* ListInsertable.swift */ = {isa = PBXFileReference; lastKnownFileType = sourcecode.swift; path = ListInsertable.swift; sourceTree = "<group>"; };
		DB900DE72AA0C843001FBA2E /* ListStore.swift */ = {isa = PBXFileReference; lastKnownFileType = sourcecode.swift; path = ListStore.swift; sourceTree = "<group>"; };
		DBAB4BB32A8CFBCC00BB804C /* Insertable.app */ = {isa = PBXFileReference; explicitFileType = wrapper.application; includeInIndex = 0; path = Insertable.app; sourceTree = BUILT_PRODUCTS_DIR; };
		DBAB4BB62A8CFBCC00BB804C /* InsertableApp.swift */ = {isa = PBXFileReference; lastKnownFileType = sourcecode.swift; path = InsertableApp.swift; sourceTree = "<group>"; };
		DBAB4BB82A8CFBCC00BB804C /* ContentView.swift */ = {isa = PBXFileReference; lastKnownFileType = sourcecode.swift; path = ContentView.swift; sourceTree = "<group>"; };
		DBAB4BBA2A8CFBCD00BB804C /* Assets.xcassets */ = {isa = PBXFileReference; lastKnownFileType = folder.assetcatalog; path = Assets.xcassets; sourceTree = "<group>"; };
		DBAB4BBD2A8CFBCD00BB804C /* Preview Assets.xcassets */ = {isa = PBXFileReference; lastKnownFileType = folder.assetcatalog; path = "Preview Assets.xcassets"; sourceTree = "<group>"; };
		DBAB4BC32A8CFBCD00BB804C /* InsertableTests.xctest */ = {isa = PBXFileReference; explicitFileType = wrapper.cfbundle; includeInIndex = 0; path = InsertableTests.xctest; sourceTree = BUILT_PRODUCTS_DIR; };
		DBAB4BC72A8CFBCD00BB804C /* InsertableTests.swift */ = {isa = PBXFileReference; lastKnownFileType = sourcecode.swift; path = InsertableTests.swift; sourceTree = "<group>"; };
		DBAB4BCD2A8CFBCD00BB804C /* InsertableUITests.xctest */ = {isa = PBXFileReference; explicitFileType = wrapper.cfbundle; includeInIndex = 0; path = InsertableUITests.xctest; sourceTree = BUILT_PRODUCTS_DIR; };
		DBAB4BD12A8CFBCD00BB804C /* InsertableUITests.swift */ = {isa = PBXFileReference; lastKnownFileType = sourcecode.swift; path = InsertableUITests.swift; sourceTree = "<group>"; };
		DBAB4BD32A8CFBCD00BB804C /* InsertableUITestsLaunchTests.swift */ = {isa = PBXFileReference; lastKnownFileType = sourcecode.swift; path = InsertableUITestsLaunchTests.swift; sourceTree = "<group>"; };
		DBAB4BE02A8CFBDD00BB804C /* Insertable.swift */ = {isa = PBXFileReference; lastKnownFileType = sourcecode.swift; path = Insertable.swift; sourceTree = "<group>"; };
		DBAB4BE22A8F0A0900BB804C /* InjectedModifier.swift */ = {isa = PBXFileReference; lastKnownFileType = sourcecode.swift; path = InjectedModifier.swift; sourceTree = "<group>"; };
		DBAB4BE42A8F0A2F00BB804C /* InjectedViewStore.swift */ = {isa = PBXFileReference; lastKnownFileType = sourcecode.swift; path = InjectedViewStore.swift; sourceTree = "<group>"; };
		DBAB4BE62A8F0A4700BB804C /* VStackStore.swift */ = {isa = PBXFileReference; lastKnownFileType = sourcecode.swift; path = VStackStore.swift; sourceTree = "<group>"; };
		DBAB4BE82A8F0A5500BB804C /* VStackInsertable.swift */ = {isa = PBXFileReference; lastKnownFileType = sourcecode.swift; path = VStackInsertable.swift; sourceTree = "<group>"; };
		DBAB4BEA2A8F0A7C00BB804C /* View_Ext.swift */ = {isa = PBXFileReference; lastKnownFileType = sourcecode.swift; path = View_Ext.swift; sourceTree = "<group>"; };
		DBAB4BEC2A8F0AA800BB804C /* HStackStore.swift */ = {isa = PBXFileReference; lastKnownFileType = sourcecode.swift; path = HStackStore.swift; sourceTree = "<group>"; };
		DBAB4BEE2A8F0AE000BB804C /* HStackInsertable.swift */ = {isa = PBXFileReference; lastKnownFileType = sourcecode.swift; path = HStackInsertable.swift; sourceTree = "<group>"; };
		DBAB4BF02A8F0CFD00BB804C /* ButtonInsertable.swift */ = {isa = PBXFileReference; lastKnownFileType = sourcecode.swift; path = ButtonInsertable.swift; sourceTree = "<group>"; };
		DBAB4BF22A8F0D8B00BB804C /* TextInsertable.swift */ = {isa = PBXFileReference; lastKnownFileType = sourcecode.swift; path = TextInsertable.swift; sourceTree = "<group>"; };
		DBAB4BF42A8F0DD400BB804C /* TextFieldInsertable.swift */ = {isa = PBXFileReference; lastKnownFileType = sourcecode.swift; path = TextFieldInsertable.swift; sourceTree = "<group>"; };
		DBAB4BF82A911B5900BB804C /* SpacerInsertable.swift */ = {isa = PBXFileReference; lastKnownFileType = sourcecode.swift; path = SpacerInsertable.swift; sourceTree = "<group>"; };
		DBAB4BFA2A91214300BB804C /* InjectedService.swift */ = {isa = PBXFileReference; lastKnownFileType = sourcecode.swift; path = InjectedService.swift; sourceTree = "<group>"; };
		DBAB4BFE2A91881E00BB804C /* InjectedValue.swift */ = {isa = PBXFileReference; lastKnownFileType = sourcecode.swift; path = InjectedValue.swift; sourceTree = "<group>"; };
		DBAB4C002A91A08E00BB804C /* InjectedFunctionBuilder.swift */ = {isa = PBXFileReference; lastKnownFileType = sourcecode.swift; path = InjectedFunctionBuilder.swift; sourceTree = "<group>"; };
		DBAB4C042A9306F100BB804C /* InjectedOperation.swift */ = {isa = PBXFileReference; lastKnownFileType = sourcecode.swift; path = InjectedOperation.swift; sourceTree = "<group>"; };
		DBAB4C062A93B2E800BB804C /* Insertable.json */ = {isa = PBXFileReference; fileEncoding = 4; lastKnownFileType = text.json; path = Insertable.json; sourceTree = "<group>"; };
		DBAB4C082A93F23900BB804C /* Operators_Ext.swift */ = {isa = PBXFileReference; lastKnownFileType = sourcecode.swift; path = Operators_Ext.swift; sourceTree = "<group>"; };
		DBAB4C0A2A93FCAF00BB804C /* CompositionFunctions.swift */ = {isa = PBXFileReference; lastKnownFileType = sourcecode.swift; path = CompositionFunctions.swift; sourceTree = "<group>"; };
		DBAB4C0C2A9419EA00BB804C /* UIColor_Ext.swift */ = {isa = PBXFileReference; lastKnownFileType = sourcecode.swift; path = UIColor_Ext.swift; sourceTree = "<group>"; };
		DBAB4C0E2A94563700BB804C /* ViewStore.json */ = {isa = PBXFileReference; fileEncoding = 4; lastKnownFileType = text.json; path = ViewStore.json; sourceTree = "<group>"; };
		DBAB4C172A97C2FE00BB804C /* InjectedError.swift */ = {isa = PBXFileReference; lastKnownFileType = sourcecode.swift; path = InjectedError.swift; sourceTree = "<group>"; };
		DBAB4C7D2A99478600BB804C /* TestInsertables.json */ = {isa = PBXFileReference; fileEncoding = 4; lastKnownFileType = text.json; path = TestInsertables.json; sourceTree = "<group>"; };
		DBAB4C872A9B9B3700BB804C /* ButtonStore.swift */ = {isa = PBXFileReference; lastKnownFileType = sourcecode.swift; path = ButtonStore.swift; sourceTree = "<group>"; };
		DBAB4C892A9B9B4E00BB804C /* TextStore.swift */ = {isa = PBXFileReference; lastKnownFileType = sourcecode.swift; path = TextStore.swift; sourceTree = "<group>"; };
		DBAB4C8B2A9B9B8200BB804C /* TextFieldStore.swift */ = {isa = PBXFileReference; lastKnownFileType = sourcecode.swift; path = TextFieldStore.swift; sourceTree = "<group>"; };
		DBAB4C8D2A9B9BBE00BB804C /* SpacerStore.swift */ = {isa = PBXFileReference; lastKnownFileType = sourcecode.swift; path = SpacerStore.swift; sourceTree = "<group>"; };
		DBAB4C9D2A9E3E1100BB804C /* ImageInsertable.swift */ = {isa = PBXFileReference; lastKnownFileType = sourcecode.swift; path = ImageInsertable.swift; sourceTree = "<group>"; };
		DBAB4C9F2A9E3E1800BB804C /* ImageStore.swift */ = {isa = PBXFileReference; lastKnownFileType = sourcecode.swift; path = ImageStore.swift; sourceTree = "<group>"; };
		DBAB4CA22A9E453600BB804C /* StackAlignment.swift */ = {isa = PBXFileReference; lastKnownFileType = sourcecode.swift; path = StackAlignment.swift; sourceTree = "<group>"; };
		DBB83F5F2AA2BC19005DF98F /* StateFunctions.swift */ = {isa = PBXFileReference; lastKnownFileType = sourcecode.swift; path = StateFunctions.swift; sourceTree = "<group>"; };
/* End PBXFileReference section */

/* Begin PBXFrameworksBuildPhase section */
		DBAB4BB02A8CFBCC00BB804C /* Frameworks */ = {
			isa = PBXFrameworksBuildPhase;
			buildActionMask = 2147483647;
			files = (
			);
			runOnlyForDeploymentPostprocessing = 0;
		};
		DBAB4BC02A8CFBCD00BB804C /* Frameworks */ = {
			isa = PBXFrameworksBuildPhase;
			buildActionMask = 2147483647;
			files = (
			);
			runOnlyForDeploymentPostprocessing = 0;
		};
		DBAB4BCA2A8CFBCD00BB804C /* Frameworks */ = {
			isa = PBXFrameworksBuildPhase;
			buildActionMask = 2147483647;
			files = (
			);
			runOnlyForDeploymentPostprocessing = 0;
		};
/* End PBXFrameworksBuildPhase section */

/* Begin PBXGroup section */
		DB5FCB322AA3B4B600993678 /* ForEach */ = {
			isa = PBXGroup;
			children = (
				DB5FCB2E2AA3B4A500993678 /* ForEachInsertable.swift */,
				DB5FCB3B2AA68D4A00993678 /* ForEachViewStore.swift */,
				DB5FCB302AA3B4AD00993678 /* ForEachStore.swift */,
			);
			path = ForEach;
			sourceTree = "<group>";
		};
		DB5FCB4F2AA68F2500993678 /* If */ = {
			isa = PBXGroup;
			children = (
				DB5FCB4B2AA68F1600993678 /* IfStore.swift */,
				DB5FCB4D2AA68F1E00993678 /* IfInsertable.swift */,
				DB5FCB502AA68FFF00993678 /* IfViewStore.swift */,
			);
			path = If;
			sourceTree = "<group>";
		};
		DB900DDF2A9F02B2001FBA2E /* ZStack */ = {
			isa = PBXGroup;
			children = (
				DB900DDB2A9F028C001FBA2E /* ZStackInsertable.swift */,
				DB900DDA2A9F028C001FBA2E /* ZStackStore.swift */,
				DB5FCB372AA68D2700993678 /* ZStackViewStore.swift */,
			);
			path = ZStack;
			sourceTree = "<group>";
		};
		DB900DE42AA0392A001FBA2E /* Color */ = {
			isa = PBXGroup;
			children = (
				DB900DE02AA038D0001FBA2E /* ColorInsertable.swift */,
				DB900DE22AA0391C001FBA2E /* ColorStore.swift */,
				DB5FCB452AA68D9800993678 /* ColorViewStore.swift */,
			);
			path = Color;
			sourceTree = "<group>";
		};
		DB900DE92AA0C848001FBA2E /* List */ = {
			isa = PBXGroup;
			children = (
				DB900DE52AA0C83A001FBA2E /* ListInsertable.swift */,
				DB900DE72AA0C843001FBA2E /* ListStore.swift */,
				DB5FCB392AA68D3E00993678 /* ListViewStore.swift */,
			);
			path = List;
			sourceTree = "<group>";
		};
		DBAB4BAA2A8CFBCC00BB804C = {
			isa = PBXGroup;
			children = (
				DBAB4BB52A8CFBCC00BB804C /* Insertable */,
				DBAB4BC62A8CFBCD00BB804C /* InsertableTests */,
				DBAB4BD02A8CFBCD00BB804C /* InsertableUITests */,
				DBAB4BB42A8CFBCC00BB804C /* Products */,
			);
			sourceTree = "<group>";
		};
		DBAB4BB42A8CFBCC00BB804C /* Products */ = {
			isa = PBXGroup;
			children = (
				DBAB4BB32A8CFBCC00BB804C /* Insertable.app */,
				DBAB4BC32A8CFBCD00BB804C /* InsertableTests.xctest */,
				DBAB4BCD2A8CFBCD00BB804C /* InsertableUITests.xctest */,
			);
			name = Products;
			sourceTree = "<group>";
		};
		DBAB4BB52A8CFBCC00BB804C /* Insertable */ = {
			isa = PBXGroup;
			children = (
				DBAB4C062A93B2E800BB804C /* Insertable.json */,
				DBAB4C0E2A94563700BB804C /* ViewStore.json */,
				DBAB4BB62A8CFBCC00BB804C /* InsertableApp.swift */,
				DBAB4BB82A8CFBCC00BB804C /* ContentView.swift */,
				DBAB4BBA2A8CFBCD00BB804C /* Assets.xcassets */,
				DBAB4BBC2A8CFBCD00BB804C /* Preview Content */,
				DBAB4C142A96F9C000BB804C /* Insertable */,
				DBAB4C162A96F9FE00BB804C /* InjectedModels */,
				DBAB4C152A96F9D900BB804C /* Extensions */,
			);
			path = Insertable;
			sourceTree = "<group>";
		};
		DBAB4BBC2A8CFBCD00BB804C /* Preview Content */ = {
			isa = PBXGroup;
			children = (
				DBAB4BBD2A8CFBCD00BB804C /* Preview Assets.xcassets */,
			);
			path = "Preview Content";
			sourceTree = "<group>";
		};
		DBAB4BC62A8CFBCD00BB804C /* InsertableTests */ = {
			isa = PBXGroup;
			children = (
				DBAB4BC72A8CFBCD00BB804C /* InsertableTests.swift */,
				DBAB4C7D2A99478600BB804C /* TestInsertables.json */,
			);
			path = InsertableTests;
			sourceTree = "<group>";
		};
		DBAB4BD02A8CFBCD00BB804C /* InsertableUITests */ = {
			isa = PBXGroup;
			children = (
				DBAB4BD12A8CFBCD00BB804C /* InsertableUITests.swift */,
				DBAB4BD32A8CFBCD00BB804C /* InsertableUITestsLaunchTests.swift */,
			);
			path = InsertableUITests;
			sourceTree = "<group>";
		};
		DBAB4C142A96F9C000BB804C /* Insertable */ = {
			isa = PBXGroup;
			children = (
				DBAB4BE02A8CFBDD00BB804C /* Insertable.swift */,
				DBAB4C932A9B9BE800BB804C /* Button */,
				DBAB4C922A9B9BE200BB804C /* Text */,
				DB900DDF2A9F02B2001FBA2E /* ZStack */,
				DBAB4C952A9B9BF500BB804C /* HStack */,
				DBAB4C912A9B9BDB00BB804C /* VStack */,
				DBAB4C902A9B9BD100BB804C /* TextField */,
				DBAB4C8F2A9B9BCA00BB804C /* Spacer */,
				DBAB4CA12A9E3E1F00BB804C /* Image */,
				DB900DE42AA0392A001FBA2E /* Color */,
				DB900DE92AA0C848001FBA2E /* List */,
				DB5FCB322AA3B4B600993678 /* ForEach */,
				DB5FCB4F2AA68F2500993678 /* If */,
			);
			path = Insertable;
			sourceTree = "<group>";
		};
		DBAB4C152A96F9D900BB804C /* Extensions */ = {
			isa = PBXGroup;
			children = (
				DBAB4BEA2A8F0A7C00BB804C /* View_Ext.swift */,
				DBAB4C0C2A9419EA00BB804C /* UIColor_Ext.swift */,
				DBAB4C082A93F23900BB804C /* Operators_Ext.swift */,
				DBAB4C0A2A93FCAF00BB804C /* CompositionFunctions.swift */,
			);
			path = Extensions;
			sourceTree = "<group>";
		};
		DBAB4C162A96F9FE00BB804C /* InjectedModels */ = {
			isa = PBXGroup;
			children = (
				DBAB4BE22A8F0A0900BB804C /* InjectedModifier.swift */,
				DBAB4BE42A8F0A2F00BB804C /* InjectedViewStore.swift */,
				DB5FCB492AA68EB900993678 /* InjectedViewStoreHelper.swift */,
				DBAB4BFA2A91214300BB804C /* InjectedService.swift */,
				DBAB4BFE2A91881E00BB804C /* InjectedValue.swift */,
				DBAB4C002A91A08E00BB804C /* InjectedFunctionBuilder.swift */,
				DBAB4C042A9306F100BB804C /* InjectedOperation.swift */,
				DBAB4C172A97C2FE00BB804C /* InjectedError.swift */,
				DBAB4CA22A9E453600BB804C /* StackAlignment.swift */,
				DB900DD82A9F0246001FBA2E /* InjectedState.swift */,
				DB900DD62A9F0238001FBA2E /* ViewStoresContainer.swift */,
				DBB83F5F2AA2BC19005DF98F /* StateFunctions.swift */,
			);
			path = InjectedModels;
			sourceTree = "<group>";
		};
		DBAB4C8F2A9B9BCA00BB804C /* Spacer */ = {
			isa = PBXGroup;
			children = (
				DBAB4C8D2A9B9BBE00BB804C /* SpacerStore.swift */,
				DBAB4BF82A911B5900BB804C /* SpacerInsertable.swift */,
				DB5FCB472AA68DA400993678 /* SpacerViewStore.swift */,
			);
			path = Spacer;
			sourceTree = "<group>";
		};
		DBAB4C902A9B9BD100BB804C /* TextField */ = {
			isa = PBXGroup;
			children = (
				DBAB4C8B2A9B9B8200BB804C /* TextFieldStore.swift */,
				DBAB4BF42A8F0DD400BB804C /* TextFieldInsertable.swift */,
				DB5FCB3F2AA68D6C00993678 /* FieldViewStore.swift */,
			);
			path = TextField;
			sourceTree = "<group>";
		};
		DBAB4C912A9B9BDB00BB804C /* VStack */ = {
			isa = PBXGroup;
			children = (
				DBAB4BE62A8F0A4700BB804C /* VStackStore.swift */,
				DBAB4BE82A8F0A5500BB804C /* VStackInsertable.swift */,
				DB5FCB332AA68CFF00993678 /* VStackViewStore.swift */,
			);
			path = VStack;
			sourceTree = "<group>";
		};
		DBAB4C922A9B9BE200BB804C /* Text */ = {
			isa = PBXGroup;
			children = (
				DBAB4C892A9B9B4E00BB804C /* TextStore.swift */,
				DBAB4BF22A8F0D8B00BB804C /* TextInsertable.swift */,
				DB5FCB3D2AA68D5A00993678 /* TextViewStore.swift */,
			);
			path = Text;
			sourceTree = "<group>";
		};
		DBAB4C932A9B9BE800BB804C /* Button */ = {
			isa = PBXGroup;
			children = (
				DBAB4C872A9B9B3700BB804C /* ButtonStore.swift */,
				DBAB4BF02A8F0CFD00BB804C /* ButtonInsertable.swift */,
				DB5FCB412AA68D7F00993678 /* ButtonViewStore.swift */,
			);
			path = Button;
			sourceTree = "<group>";
		};
		DBAB4C952A9B9BF500BB804C /* HStack */ = {
			isa = PBXGroup;
			children = (
				DBAB4BEC2A8F0AA800BB804C /* HStackStore.swift */,
				DBAB4BEE2A8F0AE000BB804C /* HStackInsertable.swift */,
				DB5FCB352AA68D1A00993678 /* HStackViewStore.swift */,
			);
			path = HStack;
			sourceTree = "<group>";
		};
		DBAB4CA12A9E3E1F00BB804C /* Image */ = {
			isa = PBXGroup;
			children = (
				DBAB4C9D2A9E3E1100BB804C /* ImageInsertable.swift */,
				DBAB4C9F2A9E3E1800BB804C /* ImageStore.swift */,
				DB5FCB432AA68D8B00993678 /* ImageViewStore.swift */,
			);
			path = Image;
			sourceTree = "<group>";
		};
/* End PBXGroup section */

/* Begin PBXNativeTarget section */
		DBAB4BB22A8CFBCC00BB804C /* Insertable */ = {
			isa = PBXNativeTarget;
			buildConfigurationList = DBAB4BD72A8CFBCD00BB804C /* Build configuration list for PBXNativeTarget "Insertable" */;
			buildPhases = (
				DBAB4BAF2A8CFBCC00BB804C /* Sources */,
				DBAB4BB02A8CFBCC00BB804C /* Frameworks */,
				DBAB4BB12A8CFBCC00BB804C /* Resources */,
			);
			buildRules = (
			);
			dependencies = (
			);
			name = Insertable;
			productName = Insertable;
			productReference = DBAB4BB32A8CFBCC00BB804C /* Insertable.app */;
			productType = "com.apple.product-type.application";
		};
		DBAB4BC22A8CFBCD00BB804C /* InsertableTests */ = {
			isa = PBXNativeTarget;
			buildConfigurationList = DBAB4BDA2A8CFBCD00BB804C /* Build configuration list for PBXNativeTarget "InsertableTests" */;
			buildPhases = (
				DBAB4BBF2A8CFBCD00BB804C /* Sources */,
				DBAB4BC02A8CFBCD00BB804C /* Frameworks */,
				DBAB4BC12A8CFBCD00BB804C /* Resources */,
			);
			buildRules = (
			);
			dependencies = (
				DBAB4BC52A8CFBCD00BB804C /* PBXTargetDependency */,
			);
			name = InsertableTests;
			productName = InsertableTests;
			productReference = DBAB4BC32A8CFBCD00BB804C /* InsertableTests.xctest */;
			productType = "com.apple.product-type.bundle.unit-test";
		};
		DBAB4BCC2A8CFBCD00BB804C /* InsertableUITests */ = {
			isa = PBXNativeTarget;
			buildConfigurationList = DBAB4BDD2A8CFBCD00BB804C /* Build configuration list for PBXNativeTarget "InsertableUITests" */;
			buildPhases = (
				DBAB4BC92A8CFBCD00BB804C /* Sources */,
				DBAB4BCA2A8CFBCD00BB804C /* Frameworks */,
				DBAB4BCB2A8CFBCD00BB804C /* Resources */,
			);
			buildRules = (
			);
			dependencies = (
				DBAB4BCF2A8CFBCD00BB804C /* PBXTargetDependency */,
			);
			name = InsertableUITests;
			productName = InsertableUITests;
			productReference = DBAB4BCD2A8CFBCD00BB804C /* InsertableUITests.xctest */;
			productType = "com.apple.product-type.bundle.ui-testing";
		};
/* End PBXNativeTarget section */

/* Begin PBXProject section */
		DBAB4BAB2A8CFBCC00BB804C /* Project object */ = {
			isa = PBXProject;
			attributes = {
				BuildIndependentTargetsInParallel = 1;
				LastSwiftUpdateCheck = 1420;
				LastUpgradeCheck = 1420;
				TargetAttributes = {
					DBAB4BB22A8CFBCC00BB804C = {
						CreatedOnToolsVersion = 14.2;
					};
					DBAB4BC22A8CFBCD00BB804C = {
						CreatedOnToolsVersion = 14.2;
						TestTargetID = DBAB4BB22A8CFBCC00BB804C;
					};
					DBAB4BCC2A8CFBCD00BB804C = {
						CreatedOnToolsVersion = 14.2;
						TestTargetID = DBAB4BB22A8CFBCC00BB804C;
					};
				};
			};
			buildConfigurationList = DBAB4BAE2A8CFBCC00BB804C /* Build configuration list for PBXProject "Insertable" */;
			compatibilityVersion = "Xcode 14.0";
			developmentRegion = en;
			hasScannedForEncodings = 0;
			knownRegions = (
				en,
				Base,
			);
			mainGroup = DBAB4BAA2A8CFBCC00BB804C;
			productRefGroup = DBAB4BB42A8CFBCC00BB804C /* Products */;
			projectDirPath = "";
			projectRoot = "";
			targets = (
				DBAB4BB22A8CFBCC00BB804C /* Insertable */,
				DBAB4BC22A8CFBCD00BB804C /* InsertableTests */,
				DBAB4BCC2A8CFBCD00BB804C /* InsertableUITests */,
			);
		};
/* End PBXProject section */

/* Begin PBXResourcesBuildPhase section */
		DBAB4BB12A8CFBCC00BB804C /* Resources */ = {
			isa = PBXResourcesBuildPhase;
			buildActionMask = 2147483647;
			files = (
				DBAB4BBE2A8CFBCD00BB804C /* Preview Assets.xcassets in Resources */,
				DBAB4BBB2A8CFBCD00BB804C /* Assets.xcassets in Resources */,
				DBAB4C0F2A94563700BB804C /* ViewStore.json in Resources */,
				DBAB4C072A93B2E800BB804C /* Insertable.json in Resources */,
			);
			runOnlyForDeploymentPostprocessing = 0;
		};
		DBAB4BC12A8CFBCD00BB804C /* Resources */ = {
			isa = PBXResourcesBuildPhase;
			buildActionMask = 2147483647;
			files = (
				DBAB4C7E2A99478600BB804C /* TestInsertables.json in Resources */,
			);
			runOnlyForDeploymentPostprocessing = 0;
		};
		DBAB4BCB2A8CFBCD00BB804C /* Resources */ = {
			isa = PBXResourcesBuildPhase;
			buildActionMask = 2147483647;
			files = (
			);
			runOnlyForDeploymentPostprocessing = 0;
		};
/* End PBXResourcesBuildPhase section */

/* Begin PBXSourcesBuildPhase section */
		DBAB4BAF2A8CFBCC00BB804C /* Sources */ = {
			isa = PBXSourcesBuildPhase;
			buildActionMask = 2147483647;
			files = (
				DBAB4C092A93F23900BB804C /* Operators_Ext.swift in Sources */,
				DBAB4BF52A8F0DD400BB804C /* TextFieldInsertable.swift in Sources */,
				DB5FCB312AA3B4AD00993678 /* ForEachStore.swift in Sources */,
				DB900DE12AA038D1001FBA2E /* ColorInsertable.swift in Sources */,
				DB5FCB422AA68D7F00993678 /* ButtonViewStore.swift in Sources */,
				DBAB4C052A9306F100BB804C /* InjectedOperation.swift in Sources */,
				DBAB4BFF2A91881E00BB804C /* InjectedValue.swift in Sources */,
				DB900DE82AA0C843001FBA2E /* ListStore.swift in Sources */,
				DBAB4C8A2A9B9B4E00BB804C /* TextStore.swift in Sources */,
				DBAB4BB92A8CFBCC00BB804C /* ContentView.swift in Sources */,
				DB5FCB342AA68CFF00993678 /* VStackViewStore.swift in Sources */,
				DB5FCB442AA68D8B00993678 /* ImageViewStore.swift in Sources */,
				DB5FCB462AA68D9800993678 /* ColorViewStore.swift in Sources */,
				DBAB4BF92A911B5900BB804C /* SpacerInsertable.swift in Sources */,
				DB900DE62AA0C83A001FBA2E /* ListInsertable.swift in Sources */,
				DB5FCB4E2AA68F1E00993678 /* IfInsertable.swift in Sources */,
				DB5FCB512AA68FFF00993678 /* IfViewStore.swift in Sources */,
				DB5FCB362AA68D1A00993678 /* HStackViewStore.swift in Sources */,
				DBAB4BE92A8F0A5500BB804C /* VStackInsertable.swift in Sources */,
				DBAB4BFB2A91214300BB804C /* InjectedService.swift in Sources */,
				DB900DDC2A9F028C001FBA2E /* ZStackStore.swift in Sources */,
				DBAB4BE52A8F0A2F00BB804C /* InjectedViewStore.swift in Sources */,
				DBAB4C8C2A9B9B8200BB804C /* TextFieldStore.swift in Sources */,
				DB5FCB3A2AA68D3E00993678 /* ListViewStore.swift in Sources */,
				DB5FCB4A2AA68EB900993678 /* InjectedViewStoreHelper.swift in Sources */,
				DBAB4CA02A9E3E1800BB804C /* ImageStore.swift in Sources */,
				DB900DDD2A9F028C001FBA2E /* ZStackInsertable.swift in Sources */,
				DBAB4C0D2A9419EA00BB804C /* UIColor_Ext.swift in Sources */,
				DB5FCB382AA68D2700993678 /* ZStackViewStore.swift in Sources */,
				DB5FCB402AA68D6C00993678 /* FieldViewStore.swift in Sources */,
				DBAB4C8E2A9B9BBE00BB804C /* SpacerStore.swift in Sources */,
				DBAB4BE12A8CFBDD00BB804C /* Insertable.swift in Sources */,
				DBAB4BEB2A8F0A7C00BB804C /* View_Ext.swift in Sources */,
				DBAB4BED2A8F0AA800BB804C /* HStackStore.swift in Sources */,
				DBAB4C182A97C2FE00BB804C /* InjectedError.swift in Sources */,
				DB900DE32AA0391C001FBA2E /* ColorStore.swift in Sources */,
				DBAB4BE32A8F0A0900BB804C /* InjectedModifier.swift in Sources */,
				DBAB4BB72A8CFBCC00BB804C /* InsertableApp.swift in Sources */,
				DB5FCB3E2AA68D5A00993678 /* TextViewStore.swift in Sources */,
				DBAB4CA32A9E453600BB804C /* StackAlignment.swift in Sources */,
				DBAB4C9E2A9E3E1100BB804C /* ImageInsertable.swift in Sources */,
				DBAB4C012A91A08E00BB804C /* InjectedFunctionBuilder.swift in Sources */,
				DBB83F602AA2BC19005DF98F /* StateFunctions.swift in Sources */,
				DBAB4BF12A8F0CFD00BB804C /* ButtonInsertable.swift in Sources */,
				DB5FCB4C2AA68F1600993678 /* IfStore.swift in Sources */,
				DB900DD92A9F0246001FBA2E /* InjectedState.swift in Sources */,
				DBAB4BF32A8F0D8B00BB804C /* TextInsertable.swift in Sources */,
				DBAB4C0B2A93FCAF00BB804C /* CompositionFunctions.swift in Sources */,
				DB900DD72A9F0238001FBA2E /* ViewStoresContainer.swift in Sources */,
				DBAB4BEF2A8F0AE000BB804C /* HStackInsertable.swift in Sources */,
				DB5FCB2F2AA3B4A500993678 /* ForEachInsertable.swift in Sources */,
				DBAB4C882A9B9B3700BB804C /* ButtonStore.swift in Sources */,
				DB5FCB3C2AA68D4A00993678 /* ForEachViewStore.swift in Sources */,
				DBAB4BE72A8F0A4700BB804C /* VStackStore.swift in Sources */,
				DB5FCB482AA68DA400993678 /* SpacerViewStore.swift in Sources */,
			);
			runOnlyForDeploymentPostprocessing = 0;
		};
		DBAB4BBF2A8CFBCD00BB804C /* Sources */ = {
			isa = PBXSourcesBuildPhase;
			buildActionMask = 2147483647;
			files = (
				DBAB4BC82A8CFBCD00BB804C /* InsertableTests.swift in Sources */,
			);
			runOnlyForDeploymentPostprocessing = 0;
		};
		DBAB4BC92A8CFBCD00BB804C /* Sources */ = {
			isa = PBXSourcesBuildPhase;
			buildActionMask = 2147483647;
			files = (
				DBAB4BD22A8CFBCD00BB804C /* InsertableUITests.swift in Sources */,
				DBAB4BD42A8CFBCD00BB804C /* InsertableUITestsLaunchTests.swift in Sources */,
			);
			runOnlyForDeploymentPostprocessing = 0;
		};
/* End PBXSourcesBuildPhase section */

/* Begin PBXTargetDependency section */
		DBAB4BC52A8CFBCD00BB804C /* PBXTargetDependency */ = {
			isa = PBXTargetDependency;
			target = DBAB4BB22A8CFBCC00BB804C /* Insertable */;
			targetProxy = DBAB4BC42A8CFBCD00BB804C /* PBXContainerItemProxy */;
		};
		DBAB4BCF2A8CFBCD00BB804C /* PBXTargetDependency */ = {
			isa = PBXTargetDependency;
			target = DBAB4BB22A8CFBCC00BB804C /* Insertable */;
			targetProxy = DBAB4BCE2A8CFBCD00BB804C /* PBXContainerItemProxy */;
		};
/* End PBXTargetDependency section */

/* Begin XCBuildConfiguration section */
		DBAB4BD52A8CFBCD00BB804C /* Debug */ = {
			isa = XCBuildConfiguration;
			buildSettings = {
				ALWAYS_SEARCH_USER_PATHS = NO;
				CLANG_ANALYZER_NONNULL = YES;
				CLANG_ANALYZER_NUMBER_OBJECT_CONVERSION = YES_AGGRESSIVE;
				CLANG_CXX_LANGUAGE_STANDARD = "gnu++20";
				CLANG_ENABLE_MODULES = YES;
				CLANG_ENABLE_OBJC_ARC = YES;
				CLANG_ENABLE_OBJC_WEAK = YES;
				CLANG_WARN_BLOCK_CAPTURE_AUTORELEASING = YES;
				CLANG_WARN_BOOL_CONVERSION = YES;
				CLANG_WARN_COMMA = YES;
				CLANG_WARN_CONSTANT_CONVERSION = YES;
				CLANG_WARN_DEPRECATED_OBJC_IMPLEMENTATIONS = YES;
				CLANG_WARN_DIRECT_OBJC_ISA_USAGE = YES_ERROR;
				CLANG_WARN_DOCUMENTATION_COMMENTS = YES;
				CLANG_WARN_EMPTY_BODY = YES;
				CLANG_WARN_ENUM_CONVERSION = YES;
				CLANG_WARN_INFINITE_RECURSION = YES;
				CLANG_WARN_INT_CONVERSION = YES;
				CLANG_WARN_NON_LITERAL_NULL_CONVERSION = YES;
				CLANG_WARN_OBJC_IMPLICIT_RETAIN_SELF = YES;
				CLANG_WARN_OBJC_LITERAL_CONVERSION = YES;
				CLANG_WARN_OBJC_ROOT_CLASS = YES_ERROR;
				CLANG_WARN_QUOTED_INCLUDE_IN_FRAMEWORK_HEADER = YES;
				CLANG_WARN_RANGE_LOOP_ANALYSIS = YES;
				CLANG_WARN_STRICT_PROTOTYPES = YES;
				CLANG_WARN_SUSPICIOUS_MOVE = YES;
				CLANG_WARN_UNGUARDED_AVAILABILITY = YES_AGGRESSIVE;
				CLANG_WARN_UNREACHABLE_CODE = YES;
				CLANG_WARN__DUPLICATE_METHOD_MATCH = YES;
				COPY_PHASE_STRIP = NO;
				DEBUG_INFORMATION_FORMAT = dwarf;
				ENABLE_STRICT_OBJC_MSGSEND = YES;
				ENABLE_TESTABILITY = YES;
				GCC_C_LANGUAGE_STANDARD = gnu11;
				GCC_DYNAMIC_NO_PIC = NO;
				GCC_NO_COMMON_BLOCKS = YES;
				GCC_OPTIMIZATION_LEVEL = 0;
				GCC_PREPROCESSOR_DEFINITIONS = (
					"DEBUG=1",
					"$(inherited)",
				);
				GCC_WARN_64_TO_32_BIT_CONVERSION = YES;
				GCC_WARN_ABOUT_RETURN_TYPE = YES_ERROR;
				GCC_WARN_UNDECLARED_SELECTOR = YES;
				GCC_WARN_UNINITIALIZED_AUTOS = YES_AGGRESSIVE;
				GCC_WARN_UNUSED_FUNCTION = YES;
				GCC_WARN_UNUSED_VARIABLE = YES;
				IPHONEOS_DEPLOYMENT_TARGET = 16.2;
				MTL_ENABLE_DEBUG_INFO = INCLUDE_SOURCE;
				MTL_FAST_MATH = YES;
				ONLY_ACTIVE_ARCH = YES;
				SDKROOT = iphoneos;
				SWIFT_ACTIVE_COMPILATION_CONDITIONS = DEBUG;
				SWIFT_OPTIMIZATION_LEVEL = "-Onone";
			};
			name = Debug;
		};
		DBAB4BD62A8CFBCD00BB804C /* Release */ = {
			isa = XCBuildConfiguration;
			buildSettings = {
				ALWAYS_SEARCH_USER_PATHS = NO;
				CLANG_ANALYZER_NONNULL = YES;
				CLANG_ANALYZER_NUMBER_OBJECT_CONVERSION = YES_AGGRESSIVE;
				CLANG_CXX_LANGUAGE_STANDARD = "gnu++20";
				CLANG_ENABLE_MODULES = YES;
				CLANG_ENABLE_OBJC_ARC = YES;
				CLANG_ENABLE_OBJC_WEAK = YES;
				CLANG_WARN_BLOCK_CAPTURE_AUTORELEASING = YES;
				CLANG_WARN_BOOL_CONVERSION = YES;
				CLANG_WARN_COMMA = YES;
				CLANG_WARN_CONSTANT_CONVERSION = YES;
				CLANG_WARN_DEPRECATED_OBJC_IMPLEMENTATIONS = YES;
				CLANG_WARN_DIRECT_OBJC_ISA_USAGE = YES_ERROR;
				CLANG_WARN_DOCUMENTATION_COMMENTS = YES;
				CLANG_WARN_EMPTY_BODY = YES;
				CLANG_WARN_ENUM_CONVERSION = YES;
				CLANG_WARN_INFINITE_RECURSION = YES;
				CLANG_WARN_INT_CONVERSION = YES;
				CLANG_WARN_NON_LITERAL_NULL_CONVERSION = YES;
				CLANG_WARN_OBJC_IMPLICIT_RETAIN_SELF = YES;
				CLANG_WARN_OBJC_LITERAL_CONVERSION = YES;
				CLANG_WARN_OBJC_ROOT_CLASS = YES_ERROR;
				CLANG_WARN_QUOTED_INCLUDE_IN_FRAMEWORK_HEADER = YES;
				CLANG_WARN_RANGE_LOOP_ANALYSIS = YES;
				CLANG_WARN_STRICT_PROTOTYPES = YES;
				CLANG_WARN_SUSPICIOUS_MOVE = YES;
				CLANG_WARN_UNGUARDED_AVAILABILITY = YES_AGGRESSIVE;
				CLANG_WARN_UNREACHABLE_CODE = YES;
				CLANG_WARN__DUPLICATE_METHOD_MATCH = YES;
				COPY_PHASE_STRIP = NO;
				DEBUG_INFORMATION_FORMAT = "dwarf-with-dsym";
				ENABLE_NS_ASSERTIONS = NO;
				ENABLE_STRICT_OBJC_MSGSEND = YES;
				GCC_C_LANGUAGE_STANDARD = gnu11;
				GCC_NO_COMMON_BLOCKS = YES;
				GCC_WARN_64_TO_32_BIT_CONVERSION = YES;
				GCC_WARN_ABOUT_RETURN_TYPE = YES_ERROR;
				GCC_WARN_UNDECLARED_SELECTOR = YES;
				GCC_WARN_UNINITIALIZED_AUTOS = YES_AGGRESSIVE;
				GCC_WARN_UNUSED_FUNCTION = YES;
				GCC_WARN_UNUSED_VARIABLE = YES;
				IPHONEOS_DEPLOYMENT_TARGET = 16.2;
				MTL_ENABLE_DEBUG_INFO = NO;
				MTL_FAST_MATH = YES;
				SDKROOT = iphoneos;
				SWIFT_COMPILATION_MODE = wholemodule;
				SWIFT_OPTIMIZATION_LEVEL = "-O";
				VALIDATE_PRODUCT = YES;
			};
			name = Release;
		};
		DBAB4BD82A8CFBCD00BB804C /* Debug */ = {
			isa = XCBuildConfiguration;
			buildSettings = {
				ASSETCATALOG_COMPILER_APPICON_NAME = AppIcon;
				ASSETCATALOG_COMPILER_GLOBAL_ACCENT_COLOR_NAME = AccentColor;
				CODE_SIGN_STYLE = Automatic;
				CURRENT_PROJECT_VERSION = 1;
				DEVELOPMENT_ASSET_PATHS = "\"Insertable/Preview Content\"";
				DEVELOPMENT_TEAM = 84FP3MZCRH;
				ENABLE_PREVIEWS = YES;
				GENERATE_INFOPLIST_FILE = YES;
				INFOPLIST_KEY_UIApplicationSceneManifest_Generation = YES;
				INFOPLIST_KEY_UIApplicationSupportsIndirectInputEvents = YES;
				INFOPLIST_KEY_UILaunchScreen_Generation = YES;
				INFOPLIST_KEY_UISupportedInterfaceOrientations_iPad = "UIInterfaceOrientationPortrait UIInterfaceOrientationPortraitUpsideDown UIInterfaceOrientationLandscapeLeft UIInterfaceOrientationLandscapeRight";
				INFOPLIST_KEY_UISupportedInterfaceOrientations_iPhone = "UIInterfaceOrientationPortrait UIInterfaceOrientationLandscapeLeft UIInterfaceOrientationLandscapeRight";
				LD_RUNPATH_SEARCH_PATHS = (
					"$(inherited)",
					"@executable_path/Frameworks",
				);
				MARKETING_VERSION = 1.0;
				PRODUCT_BUNDLE_IDENTIFIER = com.macroplanner.kinnectus.Insertable;
				PRODUCT_NAME = "$(TARGET_NAME)";
				SWIFT_EMIT_LOC_STRINGS = YES;
				SWIFT_VERSION = 5.0;
				TARGETED_DEVICE_FAMILY = "1,2";
			};
			name = Debug;
		};
		DBAB4BD92A8CFBCD00BB804C /* Release */ = {
			isa = XCBuildConfiguration;
			buildSettings = {
				ASSETCATALOG_COMPILER_APPICON_NAME = AppIcon;
				ASSETCATALOG_COMPILER_GLOBAL_ACCENT_COLOR_NAME = AccentColor;
				CODE_SIGN_STYLE = Automatic;
				CURRENT_PROJECT_VERSION = 1;
				DEVELOPMENT_ASSET_PATHS = "\"Insertable/Preview Content\"";
				DEVELOPMENT_TEAM = 84FP3MZCRH;
				ENABLE_PREVIEWS = YES;
				GENERATE_INFOPLIST_FILE = YES;
				INFOPLIST_KEY_UIApplicationSceneManifest_Generation = YES;
				INFOPLIST_KEY_UIApplicationSupportsIndirectInputEvents = YES;
				INFOPLIST_KEY_UILaunchScreen_Generation = YES;
				INFOPLIST_KEY_UISupportedInterfaceOrientations_iPad = "UIInterfaceOrientationPortrait UIInterfaceOrientationPortraitUpsideDown UIInterfaceOrientationLandscapeLeft UIInterfaceOrientationLandscapeRight";
				INFOPLIST_KEY_UISupportedInterfaceOrientations_iPhone = "UIInterfaceOrientationPortrait UIInterfaceOrientationLandscapeLeft UIInterfaceOrientationLandscapeRight";
				LD_RUNPATH_SEARCH_PATHS = (
					"$(inherited)",
					"@executable_path/Frameworks",
				);
				MARKETING_VERSION = 1.0;
				PRODUCT_BUNDLE_IDENTIFIER = com.macroplanner.kinnectus.Insertable;
				PRODUCT_NAME = "$(TARGET_NAME)";
				SWIFT_EMIT_LOC_STRINGS = YES;
				SWIFT_VERSION = 5.0;
				TARGETED_DEVICE_FAMILY = "1,2";
			};
			name = Release;
		};
		DBAB4BDB2A8CFBCD00BB804C /* Debug */ = {
			isa = XCBuildConfiguration;
			buildSettings = {
				ALWAYS_EMBED_SWIFT_STANDARD_LIBRARIES = YES;
				BUNDLE_LOADER = "$(TEST_HOST)";
				CODE_SIGN_STYLE = Automatic;
				CURRENT_PROJECT_VERSION = 1;
				DEVELOPMENT_TEAM = 84FP3MZCRH;
				GENERATE_INFOPLIST_FILE = YES;
				IPHONEOS_DEPLOYMENT_TARGET = 16.2;
				MARKETING_VERSION = 1.0;
				PRODUCT_BUNDLE_IDENTIFIER = com.macroplanner.kinnectus.InsertableTests;
				PRODUCT_NAME = "$(TARGET_NAME)";
				SWIFT_EMIT_LOC_STRINGS = NO;
				SWIFT_VERSION = 5.0;
				TARGETED_DEVICE_FAMILY = "1,2";
				TEST_HOST = "$(BUILT_PRODUCTS_DIR)/Insertable.app/$(BUNDLE_EXECUTABLE_FOLDER_PATH)/Insertable";
			};
			name = Debug;
		};
		DBAB4BDC2A8CFBCD00BB804C /* Release */ = {
			isa = XCBuildConfiguration;
			buildSettings = {
				ALWAYS_EMBED_SWIFT_STANDARD_LIBRARIES = YES;
				BUNDLE_LOADER = "$(TEST_HOST)";
				CODE_SIGN_STYLE = Automatic;
				CURRENT_PROJECT_VERSION = 1;
				DEVELOPMENT_TEAM = 84FP3MZCRH;
				GENERATE_INFOPLIST_FILE = YES;
				IPHONEOS_DEPLOYMENT_TARGET = 16.2;
				MARKETING_VERSION = 1.0;
				PRODUCT_BUNDLE_IDENTIFIER = com.macroplanner.kinnectus.InsertableTests;
				PRODUCT_NAME = "$(TARGET_NAME)";
				SWIFT_EMIT_LOC_STRINGS = NO;
				SWIFT_VERSION = 5.0;
				TARGETED_DEVICE_FAMILY = "1,2";
				TEST_HOST = "$(BUILT_PRODUCTS_DIR)/Insertable.app/$(BUNDLE_EXECUTABLE_FOLDER_PATH)/Insertable";
			};
			name = Release;
		};
		DBAB4BDE2A8CFBCD00BB804C /* Debug */ = {
			isa = XCBuildConfiguration;
			buildSettings = {
				ALWAYS_EMBED_SWIFT_STANDARD_LIBRARIES = YES;
				CODE_SIGN_STYLE = Automatic;
				CURRENT_PROJECT_VERSION = 1;
				DEVELOPMENT_TEAM = 84FP3MZCRH;
				GENERATE_INFOPLIST_FILE = YES;
				MARKETING_VERSION = 1.0;
				PRODUCT_BUNDLE_IDENTIFIER = com.macroplanner.kinnectus.InsertableUITests;
				PRODUCT_NAME = "$(TARGET_NAME)";
				SWIFT_EMIT_LOC_STRINGS = NO;
				SWIFT_VERSION = 5.0;
				TARGETED_DEVICE_FAMILY = "1,2";
				TEST_TARGET_NAME = Insertable;
			};
			name = Debug;
		};
		DBAB4BDF2A8CFBCD00BB804C /* Release */ = {
			isa = XCBuildConfiguration;
			buildSettings = {
				ALWAYS_EMBED_SWIFT_STANDARD_LIBRARIES = YES;
				CODE_SIGN_STYLE = Automatic;
				CURRENT_PROJECT_VERSION = 1;
				DEVELOPMENT_TEAM = 84FP3MZCRH;
				GENERATE_INFOPLIST_FILE = YES;
				MARKETING_VERSION = 1.0;
				PRODUCT_BUNDLE_IDENTIFIER = com.macroplanner.kinnectus.InsertableUITests;
				PRODUCT_NAME = "$(TARGET_NAME)";
				SWIFT_EMIT_LOC_STRINGS = NO;
				SWIFT_VERSION = 5.0;
				TARGETED_DEVICE_FAMILY = "1,2";
				TEST_TARGET_NAME = Insertable;
			};
			name = Release;
		};
/* End XCBuildConfiguration section */

/* Begin XCConfigurationList section */
		DBAB4BAE2A8CFBCC00BB804C /* Build configuration list for PBXProject "Insertable" */ = {
			isa = XCConfigurationList;
			buildConfigurations = (
				DBAB4BD52A8CFBCD00BB804C /* Debug */,
				DBAB4BD62A8CFBCD00BB804C /* Release */,
			);
			defaultConfigurationIsVisible = 0;
			defaultConfigurationName = Release;
		};
		DBAB4BD72A8CFBCD00BB804C /* Build configuration list for PBXNativeTarget "Insertable" */ = {
			isa = XCConfigurationList;
			buildConfigurations = (
				DBAB4BD82A8CFBCD00BB804C /* Debug */,
				DBAB4BD92A8CFBCD00BB804C /* Release */,
			);
			defaultConfigurationIsVisible = 0;
			defaultConfigurationName = Release;
		};
		DBAB4BDA2A8CFBCD00BB804C /* Build configuration list for PBXNativeTarget "InsertableTests" */ = {
			isa = XCConfigurationList;
			buildConfigurations = (
				DBAB4BDB2A8CFBCD00BB804C /* Debug */,
				DBAB4BDC2A8CFBCD00BB804C /* Release */,
			);
			defaultConfigurationIsVisible = 0;
			defaultConfigurationName = Release;
		};
		DBAB4BDD2A8CFBCD00BB804C /* Build configuration list for PBXNativeTarget "InsertableUITests" */ = {
			isa = XCConfigurationList;
			buildConfigurations = (
				DBAB4BDE2A8CFBCD00BB804C /* Debug */,
				DBAB4BDF2A8CFBCD00BB804C /* Release */,
			);
			defaultConfigurationIsVisible = 0;
			defaultConfigurationName = Release;
		};
/* End XCConfigurationList section */
	};
	rootObject = DBAB4BAB2A8CFBCC00BB804C /* Project object */;
}
