// !$*UTF8*$!
{
	archiveVersion = 1;
	classes = {
	};
	objectVersion = 56;
	objects = {

/* Begin PBXBuildFile section */
		DBAB4BB72A8CFBCC00BB804C /* InsertableApp.swift in Sources */ = {isa = PBXBuildFile; fileRef = DBAB4BB62A8CFBCC00BB804C /* InsertableApp.swift */; };
		DBAB4BB92A8CFBCC00BB804C /* ContentView.swift in Sources */ = {isa = PBXBuildFile; fileRef = DBAB4BB82A8CFBCC00BB804C /* ContentView.swift */; };
		DBAB4BBB2A8CFBCD00BB804C /* Assets.xcassets in Resources */ = {isa = PBXBuildFile; fileRef = DBAB4BBA2A8CFBCD00BB804C /* Assets.xcassets */; };
		DBAB4BBE2A8CFBCD00BB804C /* Preview Assets.xcassets in Resources */ = {isa = PBXBuildFile; fileRef = DBAB4BBD2A8CFBCD00BB804C /* Preview Assets.xcassets */; };
		DBAB4BC82A8CFBCD00BB804C /* InsertableTests.swift in Sources */ = {isa = PBXBuildFile; fileRef = DBAB4BC72A8CFBCD00BB804C /* InsertableTests.swift */; };
		DBAB4BD22A8CFBCD00BB804C /* InsertableUITests.swift in Sources */ = {isa = PBXBuildFile; fileRef = DBAB4BD12A8CFBCD00BB804C /* InsertableUITests.swift */; };
		DBAB4BD42A8CFBCD00BB804C /* InsertableUITestsLaunchTests.swift in Sources */ = {isa = PBXBuildFile; fileRef = DBAB4BD32A8CFBCD00BB804C /* InsertableUITestsLaunchTests.swift */; };
/* End PBXBuildFile section */

/* Begin PBXContainerItemProxy section */
		DBAB4BC42A8CFBCD00BB804C /* PBXContainerItemProxy */ = {
			isa = PBXContainerItemProxy;
			containerPortal = DBAB4BAB2A8CFBCC00BB804C /* Project object */;
			proxyType = 1;
			remoteGlobalIDString = DBAB4BB22A8CFBCC00BB804C;
			remoteInfo = Insertable;
		};
		DBAB4BCE2A8CFBCD00BB804C /* PBXContainerItemProxy */ = {
			isa = PBXContainerItemProxy;
			containerPortal = DBAB4BAB2A8CFBCC00BB804C /* Project object */;
			proxyType = 1;
			remoteGlobalIDString = DBAB4BB22A8CFBCC00BB804C;
			remoteInfo = Insertable;
		};
/* End PBXContainerItemProxy section */

/* Begin PBXFileReference section */
		DBAB4BB32A8CFBCC00BB804C /* Insertable.app */ = {isa = PBXFileReference; explicitFileType = wrapper.application; includeInIndex = 0; path = Insertable.app; sourceTree = BUILT_PRODUCTS_DIR; };
		DBAB4BB62A8CFBCC00BB804C /* InsertableApp.swift */ = {isa = PBXFileReference; lastKnownFileType = sourcecode.swift; path = InsertableApp.swift; sourceTree = "<group>"; };
		DBAB4BB82A8CFBCC00BB804C /* ContentView.swift */ = {isa = PBXFileReference; lastKnownFileType = sourcecode.swift; path = ContentView.swift; sourceTree = "<group>"; };
		DBAB4BBA2A8CFBCD00BB804C /* Assets.xcassets */ = {isa = PBXFileReference; lastKnownFileType = folder.assetcatalog; path = Assets.xcassets; sourceTree = "<group>"; };
		DBAB4BBD2A8CFBCD00BB804C /* Preview Assets.xcassets */ = {isa = PBXFileReference; lastKnownFileType = folder.assetcatalog; path = "Preview Assets.xcassets"; sourceTree = "<group>"; };
		DBAB4BC32A8CFBCD00BB804C /* InsertableTests.xctest */ = {isa = PBXFileReference; explicitFileType = wrapper.cfbundle; includeInIndex = 0; path = InsertableTests.xctest; sourceTree = BUILT_PRODUCTS_DIR; };
		DBAB4BC72A8CFBCD00BB804C /* InsertableTests.swift */ = {isa = PBXFileReference; lastKnownFileType = sourcecode.swift; path = InsertableTests.swift; sourceTree = "<group>"; };
		DBAB4BCD2A8CFBCD00BB804C /* InsertableUITests.xctest */ = {isa = PBXFileReference; explicitFileType = wrapper.cfbundle; includeInIndex = 0; path = InsertableUITests.xctest; sourceTree = BUILT_PRODUCTS_DIR; };
		DBAB4BD12A8CFBCD00BB804C /* InsertableUITests.swift */ = {isa = PBXFileReference; lastKnownFileType = sourcecode.swift; path = InsertableUITests.swift; sourceTree = "<group>"; };
		DBAB4BD32A8CFBCD00BB804C /* InsertableUITestsLaunchTests.swift */ = {isa = PBXFileReference; lastKnownFileType = sourcecode.swift; path = InsertableUITestsLaunchTests.swift; sourceTree = "<group>"; };
/* End PBXFileReference section */

/* Begin PBXFrameworksBuildPhase section */
		DBAB4BB02A8CFBCC00BB804C /* Frameworks */ = {
			isa = PBXFrameworksBuildPhase;
			buildActionMask = 2147483647;
			files = (
			);
			runOnlyForDeploymentPostprocessing = 0;
		};
		DBAB4BC02A8CFBCD00BB804C /* Frameworks */ = {
			isa = PBXFrameworksBuildPhase;
			buildActionMask = 2147483647;
			files = (
			);
			runOnlyForDeploymentPostprocessing = 0;
		};
		DBAB4BCA2A8CFBCD00BB804C /* Frameworks */ = {
			isa = PBXFrameworksBuildPhase;
			buildActionMask = 2147483647;
			files = (
			);
			runOnlyForDeploymentPostprocessing = 0;
		};
/* End PBXFrameworksBuildPhase section */

/* Begin PBXGroup section */
		DBAB4BAA2A8CFBCC00BB804C = {
			isa = PBXGroup;
			children = (
				DBAB4BB52A8CFBCC00BB804C /* Insertable */,
				DBAB4BC62A8CFBCD00BB804C /* InsertableTests */,
				DBAB4BD02A8CFBCD00BB804C /* InsertableUITests */,
				DBAB4BB42A8CFBCC00BB804C /* Products */,
			);
			sourceTree = "<group>";
		};
		DBAB4BB42A8CFBCC00BB804C /* Products */ = {
			isa = PBXGroup;
			children = (
				DBAB4BB32A8CFBCC00BB804C /* Insertable.app */,
				DBAB4BC32A8CFBCD00BB804C /* InsertableTests.xctest */,
				DBAB4BCD2A8CFBCD00BB804C /* InsertableUITests.xctest */,
			);
			name = Products;
			sourceTree = "<group>";
		};
		DBAB4BB52A8CFBCC00BB804C /* Insertable */ = {
			isa = PBXGroup;
			children = (
				DBAB4BB62A8CFBCC00BB804C /* InsertableApp.swift */,
				DBAB4BB82A8CFBCC00BB804C /* ContentView.swift */,
				DBAB4BBA2A8CFBCD00BB804C /* Assets.xcassets */,
				DBAB4BBC2A8CFBCD00BB804C /* Preview Content */,
			);
			path = Insertable;
			sourceTree = "<group>";
		};
		DBAB4BBC2A8CFBCD00BB804C /* Preview Content */ = {
			isa = PBXGroup;
			children = (
				DBAB4BBD2A8CFBCD00BB804C /* Preview Assets.xcassets */,
			);
			path = "Preview Content";
			sourceTree = "<group>";
		};
		DBAB4BC62A8CFBCD00BB804C /* InsertableTests */ = {
			isa = PBXGroup;
			children = (
				DBAB4BC72A8CFBCD00BB804C /* InsertableTests.swift */,
			);
			path = InsertableTests;
			sourceTree = "<group>";
		};
		DBAB4BD02A8CFBCD00BB804C /* InsertableUITests */ = {
			isa = PBXGroup;
			children = (
				DBAB4BD12A8CFBCD00BB804C /* InsertableUITests.swift */,
				DBAB4BD32A8CFBCD00BB804C /* InsertableUITestsLaunchTests.swift */,
			);
			path = InsertableUITests;
			sourceTree = "<group>";
		};
/* End PBXGroup section */

/* Begin PBXNativeTarget section */
		DBAB4BB22A8CFBCC00BB804C /* Insertable */ = {
			isa = PBXNativeTarget;
			buildConfigurationList = DBAB4BD72A8CFBCD00BB804C /* Build configuration list for PBXNativeTarget "Insertable" */;
			buildPhases = (
				DBAB4BAF2A8CFBCC00BB804C /* Sources */,
				DBAB4BB02A8CFBCC00BB804C /* Frameworks */,
				DBAB4BB12A8CFBCC00BB804C /* Resources */,
			);
			buildRules = (
			);
			dependencies = (
			);
			name = Insertable;
			productName = Insertable;
			productReference = DBAB4BB32A8CFBCC00BB804C /* Insertable.app */;
			productType = "com.apple.product-type.application";
		};
		DBAB4BC22A8CFBCD00BB804C /* InsertableTests */ = {
			isa = PBXNativeTarget;
			buildConfigurationList = DBAB4BDA2A8CFBCD00BB804C /* Build configuration list for PBXNativeTarget "InsertableTests" */;
			buildPhases = (
				DBAB4BBF2A8CFBCD00BB804C /* Sources */,
				DBAB4BC02A8CFBCD00BB804C /* Frameworks */,
				DBAB4BC12A8CFBCD00BB804C /* Resources */,
			);
			buildRules = (
			);
			dependencies = (
				DBAB4BC52A8CFBCD00BB804C /* PBXTargetDependency */,
			);
			name = InsertableTests;
			productName = InsertableTests;
			productReference = DBAB4BC32A8CFBCD00BB804C /* InsertableTests.xctest */;
			productType = "com.apple.product-type.bundle.unit-test";
		};
		DBAB4BCC2A8CFBCD00BB804C /* InsertableUITests */ = {
			isa = PBXNativeTarget;
			buildConfigurationList = DBAB4BDD2A8CFBCD00BB804C /* Build configuration list for PBXNativeTarget "InsertableUITests" */;
			buildPhases = (
				DBAB4BC92A8CFBCD00BB804C /* Sources */,
				DBAB4BCA2A8CFBCD00BB804C /* Frameworks */,
				DBAB4BCB2A8CFBCD00BB804C /* Resources */,
			);
			buildRules = (
			);
			dependencies = (
				DBAB4BCF2A8CFBCD00BB804C /* PBXTargetDependency */,
			);
			name = InsertableUITests;
			productName = InsertableUITests;
			productReference = DBAB4BCD2A8CFBCD00BB804C /* InsertableUITests.xctest */;
			productType = "com.apple.product-type.bundle.ui-testing";
		};
/* End PBXNativeTarget section */

/* Begin PBXProject section */
		DBAB4BAB2A8CFBCC00BB804C /* Project object */ = {
			isa = PBXProject;
			attributes = {
				BuildIndependentTargetsInParallel = 1;
				LastSwiftUpdateCheck = 1420;
				LastUpgradeCheck = 1420;
				TargetAttributes = {
					DBAB4BB22A8CFBCC00BB804C = {
						CreatedOnToolsVersion = 14.2;
					};
					DBAB4BC22A8CFBCD00BB804C = {
						CreatedOnToolsVersion = 14.2;
						TestTargetID = DBAB4BB22A8CFBCC00BB804C;
					};
					DBAB4BCC2A8CFBCD00BB804C = {
						CreatedOnToolsVersion = 14.2;
						TestTargetID = DBAB4BB22A8CFBCC00BB804C;
					};
				};
			};
			buildConfigurationList = DBAB4BAE2A8CFBCC00BB804C /* Build configuration list for PBXProject "Insertable" */;
			compatibilityVersion = "Xcode 14.0";
			developmentRegion = en;
			hasScannedForEncodings = 0;
			knownRegions = (
				en,
				Base,
			);
			mainGroup = DBAB4BAA2A8CFBCC00BB804C;
			productRefGroup = DBAB4BB42A8CFBCC00BB804C /* Products */;
			projectDirPath = "";
			projectRoot = "";
			targets = (
				DBAB4BB22A8CFBCC00BB804C /* Insertable */,
				DBAB4BC22A8CFBCD00BB804C /* InsertableTests */,
				DBAB4BCC2A8CFBCD00BB804C /* InsertableUITests */,
			);
		};
/* End PBXProject section */

/* Begin PBXResourcesBuildPhase section */
		DBAB4BB12A8CFBCC00BB804C /* Resources */ = {
			isa = PBXResourcesBuildPhase;
			buildActionMask = 2147483647;
			files = (
				DBAB4BBE2A8CFBCD00BB804C /* Preview Assets.xcassets in Resources */,
				DBAB4BBB2A8CFBCD00BB804C /* Assets.xcassets in Resources */,
			);
			runOnlyForDeploymentPostprocessing = 0;
		};
		DBAB4BC12A8CFBCD00BB804C /* Resources */ = {
			isa = PBXResourcesBuildPhase;
			buildActionMask = 2147483647;
			files = (
			);
			runOnlyForDeploymentPostprocessing = 0;
		};
		DBAB4BCB2A8CFBCD00BB804C /* Resources */ = {
			isa = PBXResourcesBuildPhase;
			buildActionMask = 2147483647;
			files = (
			);
			runOnlyForDeploymentPostprocessing = 0;
		};
/* End PBXResourcesBuildPhase section */

/* Begin PBXSourcesBuildPhase section */
		DBAB4BAF2A8CFBCC00BB804C /* Sources */ = {
			isa = PBXSourcesBuildPhase;
			buildActionMask = 2147483647;
			files = (
				DBAB4BB92A8CFBCC00BB804C /* ContentView.swift in Sources */,
				DBAB4BB72A8CFBCC00BB804C /* InsertableApp.swift in Sources */,
			);
			runOnlyForDeploymentPostprocessing = 0;
		};
		DBAB4BBF2A8CFBCD00BB804C /* Sources */ = {
			isa = PBXSourcesBuildPhase;
			buildActionMask = 2147483647;
			files = (
				DBAB4BC82A8CFBCD00BB804C /* InsertableTests.swift in Sources */,
			);
			runOnlyForDeploymentPostprocessing = 0;
		};
		DBAB4BC92A8CFBCD00BB804C /* Sources */ = {
			isa = PBXSourcesBuildPhase;
			buildActionMask = 2147483647;
			files = (
				DBAB4BD22A8CFBCD00BB804C /* InsertableUITests.swift in Sources */,
				DBAB4BD42A8CFBCD00BB804C /* InsertableUITestsLaunchTests.swift in Sources */,
			);
			runOnlyForDeploymentPostprocessing = 0;
		};
/* End PBXSourcesBuildPhase section */

/* Begin PBXTargetDependency section */
		DBAB4BC52A8CFBCD00BB804C /* PBXTargetDependency */ = {
			isa = PBXTargetDependency;
			target = DBAB4BB22A8CFBCC00BB804C /* Insertable */;
			targetProxy = DBAB4BC42A8CFBCD00BB804C /* PBXContainerItemProxy */;
		};
		DBAB4BCF2A8CFBCD00BB804C /* PBXTargetDependency */ = {
			isa = PBXTargetDependency;
			target = DBAB4BB22A8CFBCC00BB804C /* Insertable */;
			targetProxy = DBAB4BCE2A8CFBCD00BB804C /* PBXContainerItemProxy */;
		};
/* End PBXTargetDependency section */

/* Begin XCBuildConfiguration section */
		DBAB4BD52A8CFBCD00BB804C /* Debug */ = {
			isa = XCBuildConfiguration;
			buildSettings = {
				ALWAYS_SEARCH_USER_PATHS = NO;
				CLANG_ANALYZER_NONNULL = YES;
				CLANG_ANALYZER_NUMBER_OBJECT_CONVERSION = YES_AGGRESSIVE;
				CLANG_CXX_LANGUAGE_STANDARD = "gnu++20";
				CLANG_ENABLE_MODULES = YES;
				CLANG_ENABLE_OBJC_ARC = YES;
				CLANG_ENABLE_OBJC_WEAK = YES;
				CLANG_WARN_BLOCK_CAPTURE_AUTORELEASING = YES;
				CLANG_WARN_BOOL_CONVERSION = YES;
				CLANG_WARN_COMMA = YES;
				CLANG_WARN_CONSTANT_CONVERSION = YES;
				CLANG_WARN_DEPRECATED_OBJC_IMPLEMENTATIONS = YES;
				CLANG_WARN_DIRECT_OBJC_ISA_USAGE = YES_ERROR;
				CLANG_WARN_DOCUMENTATION_COMMENTS = YES;
				CLANG_WARN_EMPTY_BODY = YES;
				CLANG_WARN_ENUM_CONVERSION = YES;
				CLANG_WARN_INFINITE_RECURSION = YES;
				CLANG_WARN_INT_CONVERSION = YES;
				CLANG_WARN_NON_LITERAL_NULL_CONVERSION = YES;
				CLANG_WARN_OBJC_IMPLICIT_RETAIN_SELF = YES;
				CLANG_WARN_OBJC_LITERAL_CONVERSION = YES;
				CLANG_WARN_OBJC_ROOT_CLASS = YES_ERROR;
				CLANG_WARN_QUOTED_INCLUDE_IN_FRAMEWORK_HEADER = YES;
				CLANG_WARN_RANGE_LOOP_ANALYSIS = YES;
				CLANG_WARN_STRICT_PROTOTYPES = YES;
				CLANG_WARN_SUSPICIOUS_MOVE = YES;
				CLANG_WARN_UNGUARDED_AVAILABILITY = YES_AGGRESSIVE;
				CLANG_WARN_UNREACHABLE_CODE = YES;
				CLANG_WARN__DUPLICATE_METHOD_MATCH = YES;
				COPY_PHASE_STRIP = NO;
				DEBUG_INFORMATION_FORMAT = dwarf;
				ENABLE_STRICT_OBJC_MSGSEND = YES;
				ENABLE_TESTABILITY = YES;
				GCC_C_LANGUAGE_STANDARD = gnu11;
				GCC_DYNAMIC_NO_PIC = NO;
				GCC_NO_COMMON_BLOCKS = YES;
				GCC_OPTIMIZATION_LEVEL = 0;
				GCC_PREPROCESSOR_DEFINITIONS = (
					"DEBUG=1",
					"$(inherited)",
				);
				GCC_WARN_64_TO_32_BIT_CONVERSION = YES;
				GCC_WARN_ABOUT_RETURN_TYPE = YES_ERROR;
				GCC_WARN_UNDECLARED_SELECTOR = YES;
				GCC_WARN_UNINITIALIZED_AUTOS = YES_AGGRESSIVE;
				GCC_WARN_UNUSED_FUNCTION = YES;
				GCC_WARN_UNUSED_VARIABLE = YES;
				IPHONEOS_DEPLOYMENT_TARGET = 16.2;
				MTL_ENABLE_DEBUG_INFO = INCLUDE_SOURCE;
				MTL_FAST_MATH = YES;
				ONLY_ACTIVE_ARCH = YES;
				SDKROOT = iphoneos;
				SWIFT_ACTIVE_COMPILATION_CONDITIONS = DEBUG;
				SWIFT_OPTIMIZATION_LEVEL = "-Onone";
			};
			name = Debug;
		};
		DBAB4BD62A8CFBCD00BB804C /* Release */ = {
			isa = XCBuildConfiguration;
			buildSettings = {
				ALWAYS_SEARCH_USER_PATHS = NO;
				CLANG_ANALYZER_NONNULL = YES;
				CLANG_ANALYZER_NUMBER_OBJECT_CONVERSION = YES_AGGRESSIVE;
				CLANG_CXX_LANGUAGE_STANDARD = "gnu++20";
				CLANG_ENABLE_MODULES = YES;
				CLANG_ENABLE_OBJC_ARC = YES;
				CLANG_ENABLE_OBJC_WEAK = YES;
				CLANG_WARN_BLOCK_CAPTURE_AUTORELEASING = YES;
				CLANG_WARN_BOOL_CONVERSION = YES;
				CLANG_WARN_COMMA = YES;
				CLANG_WARN_CONSTANT_CONVERSION = YES;
				CLANG_WARN_DEPRECATED_OBJC_IMPLEMENTATIONS = YES;
				CLANG_WARN_DIRECT_OBJC_ISA_USAGE = YES_ERROR;
				CLANG_WARN_DOCUMENTATION_COMMENTS = YES;
				CLANG_WARN_EMPTY_BODY = YES;
				CLANG_WARN_ENUM_CONVERSION = YES;
				CLANG_WARN_INFINITE_RECURSION = YES;
				CLANG_WARN_INT_CONVERSION = YES;
				CLANG_WARN_NON_LITERAL_NULL_CONVERSION = YES;
				CLANG_WARN_OBJC_IMPLICIT_RETAIN_SELF = YES;
				CLANG_WARN_OBJC_LITERAL_CONVERSION = YES;
				CLANG_WARN_OBJC_ROOT_CLASS = YES_ERROR;
				CLANG_WARN_QUOTED_INCLUDE_IN_FRAMEWORK_HEADER = YES;
				CLANG_WARN_RANGE_LOOP_ANALYSIS = YES;
				CLANG_WARN_STRICT_PROTOTYPES = YES;
				CLANG_WARN_SUSPICIOUS_MOVE = YES;
				CLANG_WARN_UNGUARDED_AVAILABILITY = YES_AGGRESSIVE;
				CLANG_WARN_UNREACHABLE_CODE = YES;
				CLANG_WARN__DUPLICATE_METHOD_MATCH = YES;
				COPY_PHASE_STRIP = NO;
				DEBUG_INFORMATION_FORMAT = "dwarf-with-dsym";
				ENABLE_NS_ASSERTIONS = NO;
				ENABLE_STRICT_OBJC_MSGSEND = YES;
				GCC_C_LANGUAGE_STANDARD = gnu11;
				GCC_NO_COMMON_BLOCKS = YES;
				GCC_WARN_64_TO_32_BIT_CONVERSION = YES;
				GCC_WARN_ABOUT_RETURN_TYPE = YES_ERROR;
				GCC_WARN_UNDECLARED_SELECTOR = YES;
				GCC_WARN_UNINITIALIZED_AUTOS = YES_AGGRESSIVE;
				GCC_WARN_UNUSED_FUNCTION = YES;
				GCC_WARN_UNUSED_VARIABLE = YES;
				IPHONEOS_DEPLOYMENT_TARGET = 16.2;
				MTL_ENABLE_DEBUG_INFO = NO;
				MTL_FAST_MATH = YES;
				SDKROOT = iphoneos;
				SWIFT_COMPILATION_MODE = wholemodule;
				SWIFT_OPTIMIZATION_LEVEL = "-O";
				VALIDATE_PRODUCT = YES;
			};
			name = Release;
		};
		DBAB4BD82A8CFBCD00BB804C /* Debug */ = {
			isa = XCBuildConfiguration;
			buildSettings = {
				ASSETCATALOG_COMPILER_APPICON_NAME = AppIcon;
				ASSETCATALOG_COMPILER_GLOBAL_ACCENT_COLOR_NAME = AccentColor;
				CODE_SIGN_STYLE = Automatic;
				CURRENT_PROJECT_VERSION = 1;
				DEVELOPMENT_ASSET_PATHS = "\"Insertable/Preview Content\"";
				DEVELOPMENT_TEAM = 84FP3MZCRH;
				ENABLE_PREVIEWS = YES;
				GENERATE_INFOPLIST_FILE = YES;
				INFOPLIST_KEY_UIApplicationSceneManifest_Generation = YES;
				INFOPLIST_KEY_UIApplicationSupportsIndirectInputEvents = YES;
				INFOPLIST_KEY_UILaunchScreen_Generation = YES;
				INFOPLIST_KEY_UISupportedInterfaceOrientations_iPad = "UIInterfaceOrientationPortrait UIInterfaceOrientationPortraitUpsideDown UIInterfaceOrientationLandscapeLeft UIInterfaceOrientationLandscapeRight";
				INFOPLIST_KEY_UISupportedInterfaceOrientations_iPhone = "UIInterfaceOrientationPortrait UIInterfaceOrientationLandscapeLeft UIInterfaceOrientationLandscapeRight";
				LD_RUNPATH_SEARCH_PATHS = (
					"$(inherited)",
					"@executable_path/Frameworks",
				);
				MARKETING_VERSION = 1.0;
				PRODUCT_BUNDLE_IDENTIFIER = com.macroplanner.kinnectus.Insertable;
				PRODUCT_NAME = "$(TARGET_NAME)";
				SWIFT_EMIT_LOC_STRINGS = YES;
				SWIFT_VERSION = 5.0;
				TARGETED_DEVICE_FAMILY = "1,2";
			};
			name = Debug;
		};
		DBAB4BD92A8CFBCD00BB804C /* Release */ = {
			isa = XCBuildConfiguration;
			buildSettings = {
				ASSETCATALOG_COMPILER_APPICON_NAME = AppIcon;
				ASSETCATALOG_COMPILER_GLOBAL_ACCENT_COLOR_NAME = AccentColor;
				CODE_SIGN_STYLE = Automatic;
				CURRENT_PROJECT_VERSION = 1;
				DEVELOPMENT_ASSET_PATHS = "\"Insertable/Preview Content\"";
				DEVELOPMENT_TEAM = 84FP3MZCRH;
				ENABLE_PREVIEWS = YES;
				GENERATE_INFOPLIST_FILE = YES;
				INFOPLIST_KEY_UIApplicationSceneManifest_Generation = YES;
				INFOPLIST_KEY_UIApplicationSupportsIndirectInputEvents = YES;
				INFOPLIST_KEY_UILaunchScreen_Generation = YES;
				INFOPLIST_KEY_UISupportedInterfaceOrientations_iPad = "UIInterfaceOrientationPortrait UIInterfaceOrientationPortraitUpsideDown UIInterfaceOrientationLandscapeLeft UIInterfaceOrientationLandscapeRight";
				INFOPLIST_KEY_UISupportedInterfaceOrientations_iPhone = "UIInterfaceOrientationPortrait UIInterfaceOrientationLandscapeLeft UIInterfaceOrientationLandscapeRight";
				LD_RUNPATH_SEARCH_PATHS = (
					"$(inherited)",
					"@executable_path/Frameworks",
				);
				MARKETING_VERSION = 1.0;
				PRODUCT_BUNDLE_IDENTIFIER = com.macroplanner.kinnectus.Insertable;
				PRODUCT_NAME = "$(TARGET_NAME)";
				SWIFT_EMIT_LOC_STRINGS = YES;
				SWIFT_VERSION = 5.0;
				TARGETED_DEVICE_FAMILY = "1,2";
			};
			name = Release;
		};
		DBAB4BDB2A8CFBCD00BB804C /* Debug */ = {
			isa = XCBuildConfiguration;
			buildSettings = {
				ALWAYS_EMBED_SWIFT_STANDARD_LIBRARIES = YES;
				BUNDLE_LOADER = "$(TEST_HOST)";
				CODE_SIGN_STYLE = Automatic;
				CURRENT_PROJECT_VERSION = 1;
				DEVELOPMENT_TEAM = 84FP3MZCRH;
				GENERATE_INFOPLIST_FILE = YES;
				IPHONEOS_DEPLOYMENT_TARGET = 16.2;
				MARKETING_VERSION = 1.0;
				PRODUCT_BUNDLE_IDENTIFIER = com.macroplanner.kinnectus.InsertableTests;
				PRODUCT_NAME = "$(TARGET_NAME)";
				SWIFT_EMIT_LOC_STRINGS = NO;
				SWIFT_VERSION = 5.0;
				TARGETED_DEVICE_FAMILY = "1,2";
				TEST_HOST = "$(BUILT_PRODUCTS_DIR)/Insertable.app/$(BUNDLE_EXECUTABLE_FOLDER_PATH)/Insertable";
			};
			name = Debug;
		};
		DBAB4BDC2A8CFBCD00BB804C /* Release */ = {
			isa = XCBuildConfiguration;
			buildSettings = {
				ALWAYS_EMBED_SWIFT_STANDARD_LIBRARIES = YES;
				BUNDLE_LOADER = "$(TEST_HOST)";
				CODE_SIGN_STYLE = Automatic;
				CURRENT_PROJECT_VERSION = 1;
				DEVELOPMENT_TEAM = 84FP3MZCRH;
				GENERATE_INFOPLIST_FILE = YES;
				IPHONEOS_DEPLOYMENT_TARGET = 16.2;
				MARKETING_VERSION = 1.0;
				PRODUCT_BUNDLE_IDENTIFIER = com.macroplanner.kinnectus.InsertableTests;
				PRODUCT_NAME = "$(TARGET_NAME)";
				SWIFT_EMIT_LOC_STRINGS = NO;
				SWIFT_VERSION = 5.0;
				TARGETED_DEVICE_FAMILY = "1,2";
				TEST_HOST = "$(BUILT_PRODUCTS_DIR)/Insertable.app/$(BUNDLE_EXECUTABLE_FOLDER_PATH)/Insertable";
			};
			name = Release;
		};
		DBAB4BDE2A8CFBCD00BB804C /* Debug */ = {
			isa = XCBuildConfiguration;
			buildSettings = {
				ALWAYS_EMBED_SWIFT_STANDARD_LIBRARIES = YES;
				CODE_SIGN_STYLE = Automatic;
				CURRENT_PROJECT_VERSION = 1;
				DEVELOPMENT_TEAM = 84FP3MZCRH;
				GENERATE_INFOPLIST_FILE = YES;
				MARKETING_VERSION = 1.0;
				PRODUCT_BUNDLE_IDENTIFIER = com.macroplanner.kinnectus.InsertableUITests;
				PRODUCT_NAME = "$(TARGET_NAME)";
				SWIFT_EMIT_LOC_STRINGS = NO;
				SWIFT_VERSION = 5.0;
				TARGETED_DEVICE_FAMILY = "1,2";
				TEST_TARGET_NAME = Insertable;
			};
			name = Debug;
		};
		DBAB4BDF2A8CFBCD00BB804C /* Release */ = {
			isa = XCBuildConfiguration;
			buildSettings = {
				ALWAYS_EMBED_SWIFT_STANDARD_LIBRARIES = YES;
				CODE_SIGN_STYLE = Automatic;
				CURRENT_PROJECT_VERSION = 1;
				DEVELOPMENT_TEAM = 84FP3MZCRH;
				GENERATE_INFOPLIST_FILE = YES;
				MARKETING_VERSION = 1.0;
				PRODUCT_BUNDLE_IDENTIFIER = com.macroplanner.kinnectus.InsertableUITests;
				PRODUCT_NAME = "$(TARGET_NAME)";
				SWIFT_EMIT_LOC_STRINGS = NO;
				SWIFT_VERSION = 5.0;
				TARGETED_DEVICE_FAMILY = "1,2";
				TEST_TARGET_NAME = Insertable;
			};
			name = Release;
		};
/* End XCBuildConfiguration section */

/* Begin XCConfigurationList section */
		DBAB4BAE2A8CFBCC00BB804C /* Build configuration list for PBXProject "Insertable" */ = {
			isa = XCConfigurationList;
			buildConfigurations = (
				DBAB4BD52A8CFBCD00BB804C /* Debug */,
				DBAB4BD62A8CFBCD00BB804C /* Release */,
			);
			defaultConfigurationIsVisible = 0;
			defaultConfigurationName = Release;
		};
		DBAB4BD72A8CFBCD00BB804C /* Build configuration list for PBXNativeTarget "Insertable" */ = {
			isa = XCConfigurationList;
			buildConfigurations = (
				DBAB4BD82A8CFBCD00BB804C /* Debug */,
				DBAB4BD92A8CFBCD00BB804C /* Release */,
			);
			defaultConfigurationIsVisible = 0;
			defaultConfigurationName = Release;
		};
		DBAB4BDA2A8CFBCD00BB804C /* Build configuration list for PBXNativeTarget "InsertableTests" */ = {
			isa = XCConfigurationList;
			buildConfigurations = (
				DBAB4BDB2A8CFBCD00BB804C /* Debug */,
				DBAB4BDC2A8CFBCD00BB804C /* Release */,
			);
			defaultConfigurationIsVisible = 0;
			defaultConfigurationName = Release;
		};
		DBAB4BDD2A8CFBCD00BB804C /* Build configuration list for PBXNativeTarget "InsertableUITests" */ = {
			isa = XCConfigurationList;
			buildConfigurations = (
				DBAB4BDE2A8CFBCD00BB804C /* Debug */,
				DBAB4BDF2A8CFBCD00BB804C /* Release */,
			);
			defaultConfigurationIsVisible = 0;
			defaultConfigurationName = Release;
		};
/* End XCConfigurationList section */
	};
	rootObject = DBAB4BAB2A8CFBCC00BB804C /* Project object */;
}
